// !$*UTF8*$!
{
	archiveVersion = 1;
	classes = {
	};
	objectVersion = 51;
	objects = {

/* Begin PBXBuildFile section */
		811A89D421C83BF800AA3D3D /* ProcessedImage+Analytics.swift in Sources */ = {isa = PBXBuildFile; fileRef = 811A89D321C83BF800AA3D3D /* ProcessedImage+Analytics.swift */; };
		811A89D621C8415B00AA3D3D /* Dictionary+MergeOperator.swift in Sources */ = {isa = PBXBuildFile; fileRef = 811A89D521C8415B00AA3D3D /* Dictionary+MergeOperator.swift */; };
		811F9A1021484B660079EA7E /* AppDelegate.swift in Sources */ = {isa = PBXBuildFile; fileRef = 811F9A0F21484B660079EA7E /* AppDelegate.swift */; };
		811F9A1521484B660079EA7E /* Main.storyboard in Resources */ = {isa = PBXBuildFile; fileRef = 811F9A1321484B660079EA7E /* Main.storyboard */; };
		811F9A1721484B670079EA7E /* Assets.xcassets in Resources */ = {isa = PBXBuildFile; fileRef = 811F9A1621484B670079EA7E /* Assets.xcassets */; };
		811F9A1A21484B680079EA7E /* LaunchScreen.storyboard in Resources */ = {isa = PBXBuildFile; fileRef = 811F9A1821484B680079EA7E /* LaunchScreen.storyboard */; };
		811F9A222149A4D60079EA7E /* CaptureSession.swift in Sources */ = {isa = PBXBuildFile; fileRef = 811F9A212149A4D60079EA7E /* CaptureSession.swift */; };
		812704AB21707E8500545143 /* StepperViewModeling.swift in Sources */ = {isa = PBXBuildFile; fileRef = 812704AA21707E8500545143 /* StepperViewModeling.swift */; };
		812704AF2173FECF00545143 /* PhotoStepperViewModel.swift in Sources */ = {isa = PBXBuildFile; fileRef = 812704AE2173FECF00545143 /* PhotoStepperViewModel.swift */; };
		812704B12174002500545143 /* TimeIntervalStepperViewModel.swift in Sources */ = {isa = PBXBuildFile; fileRef = 812704B02174002500545143 /* TimeIntervalStepperViewModel.swift */; };
		812704B321740B2A00545143 /* SetupCardViewModel.swift in Sources */ = {isa = PBXBuildFile; fileRef = 812704B221740B2A00545143 /* SetupCardViewModel.swift */; };
		812704B52176540100545143 /* SetupCardViewModeling+PhotoShootConfiguration.swift in Sources */ = {isa = PBXBuildFile; fileRef = 812704B42176540100545143 /* SetupCardViewModeling+PhotoShootConfiguration.swift */; };
		8131077A22A1BD280019BBC6 /* FlashStatus.swift in Sources */ = {isa = PBXBuildFile; fileRef = 8131077922A1BD280019BBC6 /* FlashStatus.swift */; };
		8131077C22A35D520019BBC6 /* CameraZoom.swift in Sources */ = {isa = PBXBuildFile; fileRef = 8131077B22A35D510019BBC6 /* CameraZoom.swift */; };
		8131077F22A35E3A0019BBC6 /* PhotoCaptureable.swift in Sources */ = {isa = PBXBuildFile; fileRef = 8131077E22A35E390019BBC6 /* PhotoCaptureable.swift */; };
		813B2FAE2181F50A00CEB640 /* TimeIntervalStepperViewModelSpec.swift in Sources */ = {isa = PBXBuildFile; fileRef = 813B2FAD2181F50A00CEB640 /* TimeIntervalStepperViewModelSpec.swift */; };
		813B2FB021864F2C00CEB640 /* SetupCardPartialModal.swift in Sources */ = {isa = PBXBuildFile; fileRef = 813B2FAF21864F2C00CEB640 /* SetupCardPartialModal.swift */; };
		813B2FB221868C3200CEB640 /* PhotoShootSetupCardViewModelSpec.swift in Sources */ = {isa = PBXBuildFile; fileRef = 813B2FB121868C3200CEB640 /* PhotoShootSetupCardViewModelSpec.swift */; };
		813B2FB4218809BE00CEB640 /* PartialModal.swift in Sources */ = {isa = PBXBuildFile; fileRef = 813B2FB3218809BE00CEB640 /* PartialModal.swift */; };
		814956D321C323A400CE3AD9 /* AnalyticsFactory.swift in Sources */ = {isa = PBXBuildFile; fileRef = 814956D221C323A400CE3AD9 /* AnalyticsFactory.swift */; };
		814956D521C5ADD500CE3AD9 /* AVSession+Analytics.swift in Sources */ = {isa = PBXBuildFile; fileRef = 814956D421C5ADD500CE3AD9 /* AVSession+Analytics.swift */; };
		814956D721C5B19900CE3AD9 /* AppUtility.swift in Sources */ = {isa = PBXBuildFile; fileRef = 814956D621C5B19900CE3AD9 /* AppUtility.swift */; };
		814956EE21C5CBA500CE3AD9 /* GoogleService-Info.plist in Resources */ = {isa = PBXBuildFile; fileRef = 814956EB21C5CB4300CE3AD9 /* GoogleService-Info.plist */; };
		814956F421C71B0100CE3AD9 /* PhotoShootConfiguration+Analytics.swift in Sources */ = {isa = PBXBuildFile; fileRef = 814956F321C71B0100CE3AD9 /* PhotoShootConfiguration+Analytics.swift */; };
		814956F621C71CAA00CE3AD9 /* PhotoShootData+Analytics.swift in Sources */ = {isa = PBXBuildFile; fileRef = 814956F521C71CAA00CE3AD9 /* PhotoShootData+Analytics.swift */; };
		814956F821C7344A00CE3AD9 /* UIDeviceOrientation+Analytics.swift in Sources */ = {isa = PBXBuildFile; fileRef = 814956F721C7344A00CE3AD9 /* UIDeviceOrientation+Analytics.swift */; };
		814956FA21C7374300CE3AD9 /* ProcessedImage.swift in Sources */ = {isa = PBXBuildFile; fileRef = 814956F921C7374300CE3AD9 /* ProcessedImage.swift */; };
		814956FC21C82F6100CE3AD9 /* AVCaptureVideoOrientation+Orientations.swift in Sources */ = {isa = PBXBuildFile; fileRef = 814956FB21C82F6100CE3AD9 /* AVCaptureVideoOrientation+Orientations.swift */; };
		814F104A2154650B0066CCD5 /* CameraViewController.swift in Sources */ = {isa = PBXBuildFile; fileRef = 814F10492154650B0066CCD5 /* CameraViewController.swift */; };
		814F104C2154654F0066CCD5 /* MockSession.swift in Sources */ = {isa = PBXBuildFile; fileRef = 814F104B2154654F0066CCD5 /* MockSession.swift */; };
		8161FBE1218116DB001A7063 /* PhotoStepperViewModelSpec.swift in Sources */ = {isa = PBXBuildFile; fileRef = 8161FBE0218116DB001A7063 /* PhotoStepperViewModelSpec.swift */; };
		8174574D21598D7E00F612F6 /* PromptView.swift in Sources */ = {isa = PBXBuildFile; fileRef = 8174574C21598D7E00F612F6 /* PromptView.swift */; };
		8174574F21598DA800F612F6 /* SetupCardView.swift in Sources */ = {isa = PBXBuildFile; fileRef = 8174574E21598DA800F612F6 /* SetupCardView.swift */; };
		81745751215B0EEB00F612F6 /* AVCapturePreviewView.swift in Sources */ = {isa = PBXBuildFile; fileRef = 81745750215B0EEB00F612F6 /* AVCapturePreviewView.swift */; };
		81745755216ACF5B00F612F6 /* UIStyles.swift in Sources */ = {isa = PBXBuildFile; fileRef = 81745754216ACF5B00F612F6 /* UIStyles.swift */; };
		81745757216ADE6700F612F6 /* CustomStepperView.swift in Sources */ = {isa = PBXBuildFile; fileRef = 81745756216ADE6700F612F6 /* CustomStepperView.swift */; };
		8183608A2188D68500238022 /* SwipeToCancelPromptPartialModal.swift in Sources */ = {isa = PBXBuildFile; fileRef = 818360892188D68500238022 /* SwipeToCancelPromptPartialModal.swift */; };
		8183608C2188D80100238022 /* SwipeToCancelPromptView.swift in Sources */ = {isa = PBXBuildFile; fileRef = 8183608B2188D80100238022 /* SwipeToCancelPromptView.swift */; };
		8183608E2188E34700238022 /* SwipeToCancelPromptViewModel.swift in Sources */ = {isa = PBXBuildFile; fileRef = 8183608D2188E34700238022 /* SwipeToCancelPromptViewModel.swift */; };
		818360902188E50000238022 /* SwipeToCancelPromptViewModeling.swift in Sources */ = {isa = PBXBuildFile; fileRef = 8183608F2188E50000238022 /* SwipeToCancelPromptViewModeling.swift */; };
		81836092218A696C00238022 /* SwipeToCancelPromptSpec.swift in Sources */ = {isa = PBXBuildFile; fileRef = 81836091218A696C00238022 /* SwipeToCancelPromptSpec.swift */; };
		818360BA218CCFD100238022 /* CountdownIndicatorView.swift in Sources */ = {isa = PBXBuildFile; fileRef = 818360B9218CCFD100238022 /* CountdownIndicatorView.swift */; };
		818360BC218F9FF100238022 /* TimerModeling.swift in Sources */ = {isa = PBXBuildFile; fileRef = 818360BB218F9FF100238022 /* TimerModeling.swift */; };
		818360BE218FA0A400238022 /* CountdownTimer.swift in Sources */ = {isa = PBXBuildFile; fileRef = 818360BD218FA0A400238022 /* CountdownTimer.swift */; };
		818360C0218FC5DB00238022 /* CountdownIndicatorViewModeling.swift in Sources */ = {isa = PBXBuildFile; fileRef = 818360BF218FC5DB00238022 /* CountdownIndicatorViewModeling.swift */; };
		818360C2218FC5FA00238022 /* CountdownIndicatorViewModel.swift in Sources */ = {isa = PBXBuildFile; fileRef = 818360C1218FC5FA00238022 /* CountdownIndicatorViewModel.swift */; };
		818360C42191343A00238022 /* CameraViewControllerViewModel.swift in Sources */ = {isa = PBXBuildFile; fileRef = 818360C32191343A00238022 /* CameraViewControllerViewModel.swift */; };
		81A70D4121BDC3B900DB8884 /* SwipeToCancelPartialModal.swift in Sources */ = {isa = PBXBuildFile; fileRef = 81A70D4021BDC3B900DB8884 /* SwipeToCancelPartialModal.swift */; };
		81A70D4521BF26FD00DB8884 /* CancellationViewModelSpec.swift in Sources */ = {isa = PBXBuildFile; fileRef = 81A70D4421BF26FD00DB8884 /* CancellationViewModelSpec.swift */; };
		81B4570621CCB3C8001595DD /* PreviewView.swift in Sources */ = {isa = PBXBuildFile; fileRef = 81B4570521CCB3C8001595DD /* PreviewView.swift */; };
		81B4570821CCCD78001595DD /* PreviewViewModel.swift in Sources */ = {isa = PBXBuildFile; fileRef = 81B4570721CCCD78001595DD /* PreviewViewModel.swift */; };
		81B4570A21CCD37A001595DD /* PreviewViewController.swift in Sources */ = {isa = PBXBuildFile; fileRef = 81B4570921CCD37A001595DD /* PreviewViewController.swift */; };
		81B4570C21CCD5AB001595DD /* PreviewViewControllerViewModel.swift in Sources */ = {isa = PBXBuildFile; fileRef = 81B4570B21CCD5AB001595DD /* PreviewViewControllerViewModel.swift */; };
		81CA8CA02194F87200170F1A /* CountdownTimerSpec.swift in Sources */ = {isa = PBXBuildFile; fileRef = 81CA8C9F2194F87200170F1A /* CountdownTimerSpec.swift */; };
		81CA8CA22195319A00170F1A /* CountdownIndicatorViewModelSpec.swift in Sources */ = {isa = PBXBuildFile; fileRef = 81CA8CA12195319A00170F1A /* CountdownIndicatorViewModelSpec.swift */; };
		81CA8CA421A5EEE900170F1A /* ReviewViewController.swift in Sources */ = {isa = PBXBuildFile; fileRef = 81CA8CA321A5EEE900170F1A /* ReviewViewController.swift */; };
		81CA8CA621A5F39A00170F1A /* ReviewPageView.swift in Sources */ = {isa = PBXBuildFile; fileRef = 81CA8CA521A5F39A00170F1A /* ReviewPageView.swift */; };
		81CA8CA821A61A7300170F1A /* ReviewCell.swift in Sources */ = {isa = PBXBuildFile; fileRef = 81CA8CA721A61A7300170F1A /* ReviewCell.swift */; };
		81CA8CAA21A7883A00170F1A /* ReviewViewControllerModel.swift in Sources */ = {isa = PBXBuildFile; fileRef = 81CA8CA921A7883A00170F1A /* ReviewViewControllerModel.swift */; };
		81CA8CAC21A788CB00170F1A /* ReviewViewControllerModeling.swift in Sources */ = {isa = PBXBuildFile; fileRef = 81CA8CAB21A788CB00170F1A /* ReviewViewControllerModeling.swift */; };
		81CA8CAE21A9E27A00170F1A /* ReviewCellModeling.swift in Sources */ = {isa = PBXBuildFile; fileRef = 81CA8CAD21A9E27A00170F1A /* ReviewCellModeling.swift */; };
		81CA8CB021A9E29400170F1A /* ReviewCellViewModel.swift in Sources */ = {isa = PBXBuildFile; fileRef = 81CA8CAF21A9E29400170F1A /* ReviewCellViewModel.swift */; };
		81CA8CD821B5BC6800170F1A /* ReviewViewControllerModelSpec.swift in Sources */ = {isa = PBXBuildFile; fileRef = 81CA8CD721B5BC6800170F1A /* ReviewViewControllerModelSpec.swift */; };
		81F6B35121B61FB7006A7BED /* ReviewCellViewModelSpec.swift in Sources */ = {isa = PBXBuildFile; fileRef = 81F6B35021B61FB7006A7BED /* ReviewCellViewModelSpec.swift */; };
		81F6B35321B88D89006A7BED /* ReviewPageViewModel.swift in Sources */ = {isa = PBXBuildFile; fileRef = 81F6B35221B88D89006A7BED /* ReviewPageViewModel.swift */; };
		81F6B35521BA0C0D006A7BED /* ReviewPageViewModelSpec.swift in Sources */ = {isa = PBXBuildFile; fileRef = 81F6B35421BA0C0D006A7BED /* ReviewPageViewModelSpec.swift */; };
		81F6B35721BB4705006A7BED /* CancellationPartialModalView.swift in Sources */ = {isa = PBXBuildFile; fileRef = 81F6B35621BB4705006A7BED /* CancellationPartialModalView.swift */; };
		81F6B35921BDA79F006A7BED /* CancellationViewModeling.swift in Sources */ = {isa = PBXBuildFile; fileRef = 81F6B35821BDA79F006A7BED /* CancellationViewModeling.swift */; };
		81F6B35B21BDA8E9006A7BED /* CancellationViewModel.swift in Sources */ = {isa = PBXBuildFile; fileRef = 81F6B35A21BDA8E9006A7BED /* CancellationViewModel.swift */; };
		A14499542476106D00100B7C /* MetricsProvider.swift in Sources */ = {isa = PBXBuildFile; fileRef = A14499532476106C00100B7C /* MetricsProvider.swift */; };
		A1BA9FDC2470F70100FAA08E /* AVAuthorization.swift in Sources */ = {isa = PBXBuildFile; fileRef = A1BA9FDB2470F70100FAA08E /* AVAuthorization.swift */; };
		A1BA9FDE2470F7AF00FAA08E /* AVAuthorizationProvider.swift in Sources */ = {isa = PBXBuildFile; fileRef = A1BA9FDD2470F7AF00FAA08E /* AVAuthorizationProvider.swift */; };
		AFEFD00003861A4A1040FFE9 /* Pods_PhotoBooth.framework in Frameworks */ = {isa = PBXBuildFile; fileRef = 96846AAC93970E121E9F3F4A /* Pods_PhotoBooth.framework */; };
		B21C354927319C04C56DD55D /* Pods_PhotoBooth_PhotoBoothTests.framework in Frameworks */ = {isa = PBXBuildFile; fileRef = 1F5615ED3B5FD998599C8A7A /* Pods_PhotoBooth_PhotoBoothTests.framework */; };
		C72BE89821751A88003C047E /* PhotoBoothTests.swift in Sources */ = {isa = PBXBuildFile; fileRef = C72BE89721751A88003C047E /* PhotoBoothTests.swift */; };
		C72BE8A021751CC2003C047E /* QuickNimbleDemoTestFile.swift in Sources */ = {isa = PBXBuildFile; fileRef = C72BE89F21751CC2003C047E /* QuickNimbleDemoTestFile.swift */; };
/* End PBXBuildFile section */

/* Begin PBXContainerItemProxy section */
		C72BE89A21751A88003C047E /* PBXContainerItemProxy */ = {
			isa = PBXContainerItemProxy;
			containerPortal = 811F9A0421484B660079EA7E /* Project object */;
			proxyType = 1;
			remoteGlobalIDString = 811F9A0B21484B660079EA7E;
			remoteInfo = PhotoBooth;
		};
/* End PBXContainerItemProxy section */

/* Begin PBXFileReference section */
		1F5615ED3B5FD998599C8A7A /* Pods_PhotoBooth_PhotoBoothTests.framework */ = {isa = PBXFileReference; explicitFileType = wrapper.framework; includeInIndex = 0; path = Pods_PhotoBooth_PhotoBoothTests.framework; sourceTree = BUILT_PRODUCTS_DIR; };
		37D389BACCFB6A3D7F40DAAF /* Pods-PhotoBooth-PhotoBoothTests.release.xcconfig */ = {isa = PBXFileReference; includeInIndex = 1; lastKnownFileType = text.xcconfig; name = "Pods-PhotoBooth-PhotoBoothTests.release.xcconfig"; path = "Pods/Target Support Files/Pods-PhotoBooth-PhotoBoothTests/Pods-PhotoBooth-PhotoBoothTests.release.xcconfig"; sourceTree = "<group>"; };
		3DFCDBC024AD4C950711D037 /* Pods-PhotoBooth.debug.xcconfig */ = {isa = PBXFileReference; includeInIndex = 1; lastKnownFileType = text.xcconfig; name = "Pods-PhotoBooth.debug.xcconfig"; path = "Pods/Target Support Files/Pods-PhotoBooth/Pods-PhotoBooth.debug.xcconfig"; sourceTree = "<group>"; };
		811A89D321C83BF800AA3D3D /* ProcessedImage+Analytics.swift */ = {isa = PBXFileReference; lastKnownFileType = sourcecode.swift; path = "ProcessedImage+Analytics.swift"; sourceTree = "<group>"; };
		811A89D521C8415B00AA3D3D /* Dictionary+MergeOperator.swift */ = {isa = PBXFileReference; lastKnownFileType = sourcecode.swift; path = "Dictionary+MergeOperator.swift"; sourceTree = "<group>"; };
		811F9A0C21484B660079EA7E /* PhotoBooth.app */ = {isa = PBXFileReference; explicitFileType = wrapper.application; includeInIndex = 0; path = PhotoBooth.app; sourceTree = BUILT_PRODUCTS_DIR; };
		811F9A0F21484B660079EA7E /* AppDelegate.swift */ = {isa = PBXFileReference; lastKnownFileType = sourcecode.swift; path = AppDelegate.swift; sourceTree = "<group>"; };
		811F9A1421484B660079EA7E /* Base */ = {isa = PBXFileReference; lastKnownFileType = file.storyboard; name = Base; path = Base.lproj/Main.storyboard; sourceTree = "<group>"; };
		811F9A1621484B670079EA7E /* Assets.xcassets */ = {isa = PBXFileReference; lastKnownFileType = folder.assetcatalog; path = Assets.xcassets; sourceTree = "<group>"; };
		811F9A1921484B680079EA7E /* Base */ = {isa = PBXFileReference; lastKnownFileType = file.storyboard; name = Base; path = Base.lproj/LaunchScreen.storyboard; sourceTree = "<group>"; };
		811F9A1B21484B680079EA7E /* Info.plist */ = {isa = PBXFileReference; lastKnownFileType = text.plist.xml; path = Info.plist; sourceTree = "<group>"; };
		811F9A212149A4D60079EA7E /* CaptureSession.swift */ = {isa = PBXFileReference; lastKnownFileType = sourcecode.swift; path = CaptureSession.swift; sourceTree = "<group>"; };
		812704AA21707E8500545143 /* StepperViewModeling.swift */ = {isa = PBXFileReference; lastKnownFileType = sourcecode.swift; path = StepperViewModeling.swift; sourceTree = "<group>"; };
		812704AE2173FECF00545143 /* PhotoStepperViewModel.swift */ = {isa = PBXFileReference; lastKnownFileType = sourcecode.swift; path = PhotoStepperViewModel.swift; sourceTree = "<group>"; };
		812704B02174002500545143 /* TimeIntervalStepperViewModel.swift */ = {isa = PBXFileReference; lastKnownFileType = sourcecode.swift; path = TimeIntervalStepperViewModel.swift; sourceTree = "<group>"; };
		812704B221740B2A00545143 /* SetupCardViewModel.swift */ = {isa = PBXFileReference; lastKnownFileType = sourcecode.swift; path = SetupCardViewModel.swift; sourceTree = "<group>"; };
		812704B42176540100545143 /* SetupCardViewModeling+PhotoShootConfiguration.swift */ = {isa = PBXFileReference; lastKnownFileType = sourcecode.swift; path = "SetupCardViewModeling+PhotoShootConfiguration.swift"; sourceTree = "<group>"; };
		8131077922A1BD280019BBC6 /* FlashStatus.swift */ = {isa = PBXFileReference; lastKnownFileType = sourcecode.swift; path = FlashStatus.swift; sourceTree = "<group>"; };
		8131077B22A35D510019BBC6 /* CameraZoom.swift */ = {isa = PBXFileReference; lastKnownFileType = sourcecode.swift; path = CameraZoom.swift; sourceTree = "<group>"; };
		8131077E22A35E390019BBC6 /* PhotoCaptureable.swift */ = {isa = PBXFileReference; lastKnownFileType = sourcecode.swift; path = PhotoCaptureable.swift; sourceTree = "<group>"; };
		813B2FAD2181F50A00CEB640 /* TimeIntervalStepperViewModelSpec.swift */ = {isa = PBXFileReference; lastKnownFileType = sourcecode.swift; path = TimeIntervalStepperViewModelSpec.swift; sourceTree = "<group>"; };
		813B2FAF21864F2C00CEB640 /* SetupCardPartialModal.swift */ = {isa = PBXFileReference; lastKnownFileType = sourcecode.swift; path = SetupCardPartialModal.swift; sourceTree = "<group>"; };
		813B2FB121868C3200CEB640 /* PhotoShootSetupCardViewModelSpec.swift */ = {isa = PBXFileReference; lastKnownFileType = sourcecode.swift; path = PhotoShootSetupCardViewModelSpec.swift; sourceTree = "<group>"; };
		813B2FB3218809BE00CEB640 /* PartialModal.swift */ = {isa = PBXFileReference; lastKnownFileType = sourcecode.swift; path = PartialModal.swift; sourceTree = "<group>"; };
		814956D221C323A400CE3AD9 /* AnalyticsFactory.swift */ = {isa = PBXFileReference; lastKnownFileType = sourcecode.swift; path = AnalyticsFactory.swift; sourceTree = "<group>"; };
		814956D421C5ADD500CE3AD9 /* AVSession+Analytics.swift */ = {isa = PBXFileReference; lastKnownFileType = sourcecode.swift; path = "AVSession+Analytics.swift"; sourceTree = "<group>"; };
		814956D621C5B19900CE3AD9 /* AppUtility.swift */ = {isa = PBXFileReference; lastKnownFileType = sourcecode.swift; path = AppUtility.swift; sourceTree = "<group>"; };
		814956EB21C5CB4300CE3AD9 /* GoogleService-Info.plist */ = {isa = PBXFileReference; lastKnownFileType = text.plist.xml; path = "GoogleService-Info.plist"; sourceTree = "<group>"; };
		814956F321C71B0100CE3AD9 /* PhotoShootConfiguration+Analytics.swift */ = {isa = PBXFileReference; lastKnownFileType = sourcecode.swift; path = "PhotoShootConfiguration+Analytics.swift"; sourceTree = "<group>"; };
		814956F521C71CAA00CE3AD9 /* PhotoShootData+Analytics.swift */ = {isa = PBXFileReference; lastKnownFileType = sourcecode.swift; path = "PhotoShootData+Analytics.swift"; sourceTree = "<group>"; };
		814956F721C7344A00CE3AD9 /* UIDeviceOrientation+Analytics.swift */ = {isa = PBXFileReference; lastKnownFileType = sourcecode.swift; path = "UIDeviceOrientation+Analytics.swift"; sourceTree = "<group>"; };
		814956F921C7374300CE3AD9 /* ProcessedImage.swift */ = {isa = PBXFileReference; lastKnownFileType = sourcecode.swift; path = ProcessedImage.swift; sourceTree = "<group>"; };
		814956FB21C82F6100CE3AD9 /* AVCaptureVideoOrientation+Orientations.swift */ = {isa = PBXFileReference; lastKnownFileType = sourcecode.swift; path = "AVCaptureVideoOrientation+Orientations.swift"; sourceTree = "<group>"; };
		814F10492154650B0066CCD5 /* CameraViewController.swift */ = {isa = PBXFileReference; fileEncoding = 4; lastKnownFileType = sourcecode.swift; path = CameraViewController.swift; sourceTree = "<group>"; };
		814F104B2154654F0066CCD5 /* MockSession.swift */ = {isa = PBXFileReference; lastKnownFileType = sourcecode.swift; path = MockSession.swift; sourceTree = "<group>"; };
		8161FBE0218116DB001A7063 /* PhotoStepperViewModelSpec.swift */ = {isa = PBXFileReference; lastKnownFileType = sourcecode.swift; path = PhotoStepperViewModelSpec.swift; sourceTree = "<group>"; };
		8174574C21598D7E00F612F6 /* PromptView.swift */ = {isa = PBXFileReference; lastKnownFileType = sourcecode.swift; path = PromptView.swift; sourceTree = "<group>"; };
		8174574E21598DA800F612F6 /* SetupCardView.swift */ = {isa = PBXFileReference; lastKnownFileType = sourcecode.swift; path = SetupCardView.swift; sourceTree = "<group>"; };
		81745750215B0EEB00F612F6 /* AVCapturePreviewView.swift */ = {isa = PBXFileReference; lastKnownFileType = sourcecode.swift; path = AVCapturePreviewView.swift; sourceTree = "<group>"; };
		81745754216ACF5B00F612F6 /* UIStyles.swift */ = {isa = PBXFileReference; lastKnownFileType = sourcecode.swift; path = UIStyles.swift; sourceTree = "<group>"; };
		81745756216ADE6700F612F6 /* CustomStepperView.swift */ = {isa = PBXFileReference; lastKnownFileType = sourcecode.swift; path = CustomStepperView.swift; sourceTree = "<group>"; };
		818360892188D68500238022 /* SwipeToCancelPromptPartialModal.swift */ = {isa = PBXFileReference; lastKnownFileType = sourcecode.swift; path = SwipeToCancelPromptPartialModal.swift; sourceTree = "<group>"; };
		8183608B2188D80100238022 /* SwipeToCancelPromptView.swift */ = {isa = PBXFileReference; lastKnownFileType = sourcecode.swift; path = SwipeToCancelPromptView.swift; sourceTree = "<group>"; };
		8183608D2188E34700238022 /* SwipeToCancelPromptViewModel.swift */ = {isa = PBXFileReference; lastKnownFileType = sourcecode.swift; path = SwipeToCancelPromptViewModel.swift; sourceTree = "<group>"; };
		8183608F2188E50000238022 /* SwipeToCancelPromptViewModeling.swift */ = {isa = PBXFileReference; lastKnownFileType = sourcecode.swift; path = SwipeToCancelPromptViewModeling.swift; sourceTree = "<group>"; };
		81836091218A696C00238022 /* SwipeToCancelPromptSpec.swift */ = {isa = PBXFileReference; lastKnownFileType = sourcecode.swift; path = SwipeToCancelPromptSpec.swift; sourceTree = "<group>"; };
		818360B9218CCFD100238022 /* CountdownIndicatorView.swift */ = {isa = PBXFileReference; lastKnownFileType = sourcecode.swift; path = CountdownIndicatorView.swift; sourceTree = "<group>"; };
		818360BB218F9FF100238022 /* TimerModeling.swift */ = {isa = PBXFileReference; lastKnownFileType = sourcecode.swift; path = TimerModeling.swift; sourceTree = "<group>"; };
		818360BD218FA0A400238022 /* CountdownTimer.swift */ = {isa = PBXFileReference; lastKnownFileType = sourcecode.swift; path = CountdownTimer.swift; sourceTree = "<group>"; };
		818360BF218FC5DB00238022 /* CountdownIndicatorViewModeling.swift */ = {isa = PBXFileReference; lastKnownFileType = sourcecode.swift; path = CountdownIndicatorViewModeling.swift; sourceTree = "<group>"; };
		818360C1218FC5FA00238022 /* CountdownIndicatorViewModel.swift */ = {isa = PBXFileReference; lastKnownFileType = sourcecode.swift; path = CountdownIndicatorViewModel.swift; sourceTree = "<group>"; };
		818360C32191343A00238022 /* CameraViewControllerViewModel.swift */ = {isa = PBXFileReference; lastKnownFileType = sourcecode.swift; path = CameraViewControllerViewModel.swift; sourceTree = "<group>"; };
		81A70D4021BDC3B900DB8884 /* SwipeToCancelPartialModal.swift */ = {isa = PBXFileReference; lastKnownFileType = sourcecode.swift; path = SwipeToCancelPartialModal.swift; sourceTree = "<group>"; };
		81A70D4421BF26FD00DB8884 /* CancellationViewModelSpec.swift */ = {isa = PBXFileReference; lastKnownFileType = sourcecode.swift; path = CancellationViewModelSpec.swift; sourceTree = "<group>"; };
		81B4570521CCB3C8001595DD /* PreviewView.swift */ = {isa = PBXFileReference; lastKnownFileType = sourcecode.swift; path = PreviewView.swift; sourceTree = "<group>"; };
		81B4570721CCCD78001595DD /* PreviewViewModel.swift */ = {isa = PBXFileReference; lastKnownFileType = sourcecode.swift; path = PreviewViewModel.swift; sourceTree = "<group>"; };
		81B4570921CCD37A001595DD /* PreviewViewController.swift */ = {isa = PBXFileReference; lastKnownFileType = sourcecode.swift; path = PreviewViewController.swift; sourceTree = "<group>"; };
		81B4570B21CCD5AB001595DD /* PreviewViewControllerViewModel.swift */ = {isa = PBXFileReference; lastKnownFileType = sourcecode.swift; path = PreviewViewControllerViewModel.swift; sourceTree = "<group>"; };
		81CA8C9F2194F87200170F1A /* CountdownTimerSpec.swift */ = {isa = PBXFileReference; lastKnownFileType = sourcecode.swift; path = CountdownTimerSpec.swift; sourceTree = "<group>"; };
		81CA8CA12195319A00170F1A /* CountdownIndicatorViewModelSpec.swift */ = {isa = PBXFileReference; lastKnownFileType = sourcecode.swift; path = CountdownIndicatorViewModelSpec.swift; sourceTree = "<group>"; };
		81CA8CA321A5EEE900170F1A /* ReviewViewController.swift */ = {isa = PBXFileReference; lastKnownFileType = sourcecode.swift; path = ReviewViewController.swift; sourceTree = "<group>"; };
		81CA8CA521A5F39A00170F1A /* ReviewPageView.swift */ = {isa = PBXFileReference; lastKnownFileType = sourcecode.swift; path = ReviewPageView.swift; sourceTree = "<group>"; };
		81CA8CA721A61A7300170F1A /* ReviewCell.swift */ = {isa = PBXFileReference; lastKnownFileType = sourcecode.swift; path = ReviewCell.swift; sourceTree = "<group>"; };
		81CA8CA921A7883A00170F1A /* ReviewViewControllerModel.swift */ = {isa = PBXFileReference; lastKnownFileType = sourcecode.swift; path = ReviewViewControllerModel.swift; sourceTree = "<group>"; };
		81CA8CAB21A788CB00170F1A /* ReviewViewControllerModeling.swift */ = {isa = PBXFileReference; lastKnownFileType = sourcecode.swift; path = ReviewViewControllerModeling.swift; sourceTree = "<group>"; };
		81CA8CAD21A9E27A00170F1A /* ReviewCellModeling.swift */ = {isa = PBXFileReference; lastKnownFileType = sourcecode.swift; path = ReviewCellModeling.swift; sourceTree = "<group>"; };
		81CA8CAF21A9E29400170F1A /* ReviewCellViewModel.swift */ = {isa = PBXFileReference; lastKnownFileType = sourcecode.swift; path = ReviewCellViewModel.swift; sourceTree = "<group>"; };
		81CA8CD721B5BC6800170F1A /* ReviewViewControllerModelSpec.swift */ = {isa = PBXFileReference; lastKnownFileType = sourcecode.swift; path = ReviewViewControllerModelSpec.swift; sourceTree = "<group>"; };
		81F6B35021B61FB7006A7BED /* ReviewCellViewModelSpec.swift */ = {isa = PBXFileReference; lastKnownFileType = sourcecode.swift; path = ReviewCellViewModelSpec.swift; sourceTree = "<group>"; };
		81F6B35221B88D89006A7BED /* ReviewPageViewModel.swift */ = {isa = PBXFileReference; lastKnownFileType = sourcecode.swift; path = ReviewPageViewModel.swift; sourceTree = "<group>"; };
		81F6B35421BA0C0D006A7BED /* ReviewPageViewModelSpec.swift */ = {isa = PBXFileReference; lastKnownFileType = sourcecode.swift; path = ReviewPageViewModelSpec.swift; sourceTree = "<group>"; };
		81F6B35621BB4705006A7BED /* CancellationPartialModalView.swift */ = {isa = PBXFileReference; lastKnownFileType = sourcecode.swift; path = CancellationPartialModalView.swift; sourceTree = "<group>"; };
		81F6B35821BDA79F006A7BED /* CancellationViewModeling.swift */ = {isa = PBXFileReference; lastKnownFileType = sourcecode.swift; path = CancellationViewModeling.swift; sourceTree = "<group>"; };
		81F6B35A21BDA8E9006A7BED /* CancellationViewModel.swift */ = {isa = PBXFileReference; lastKnownFileType = sourcecode.swift; path = CancellationViewModel.swift; sourceTree = "<group>"; };
		96846AAC93970E121E9F3F4A /* Pods_PhotoBooth.framework */ = {isa = PBXFileReference; explicitFileType = wrapper.framework; includeInIndex = 0; path = Pods_PhotoBooth.framework; sourceTree = BUILT_PRODUCTS_DIR; };
		A14499532476106C00100B7C /* MetricsProvider.swift */ = {isa = PBXFileReference; lastKnownFileType = sourcecode.swift; path = MetricsProvider.swift; sourceTree = "<group>"; };
		A1BA9FDB2470F70100FAA08E /* AVAuthorization.swift */ = {isa = PBXFileReference; lastKnownFileType = sourcecode.swift; path = AVAuthorization.swift; sourceTree = "<group>"; };
		A1BA9FDD2470F7AF00FAA08E /* AVAuthorizationProvider.swift */ = {isa = PBXFileReference; lastKnownFileType = sourcecode.swift; path = AVAuthorizationProvider.swift; sourceTree = "<group>"; };
		C72BE89521751A88003C047E /* PhotoBoothTests.xctest */ = {isa = PBXFileReference; explicitFileType = wrapper.cfbundle; includeInIndex = 0; path = PhotoBoothTests.xctest; sourceTree = BUILT_PRODUCTS_DIR; };
		C72BE89721751A88003C047E /* PhotoBoothTests.swift */ = {isa = PBXFileReference; lastKnownFileType = sourcecode.swift; path = PhotoBoothTests.swift; sourceTree = "<group>"; };
		C72BE89921751A88003C047E /* Info.plist */ = {isa = PBXFileReference; lastKnownFileType = text.plist.xml; path = Info.plist; sourceTree = "<group>"; };
		C72BE89F21751CC2003C047E /* QuickNimbleDemoTestFile.swift */ = {isa = PBXFileReference; lastKnownFileType = sourcecode.swift; path = QuickNimbleDemoTestFile.swift; sourceTree = "<group>"; };
		D91A7FF8E9B9F5E844C0255B /* Pods-PhotoBooth-PhotoBoothTests.debug.xcconfig */ = {isa = PBXFileReference; includeInIndex = 1; lastKnownFileType = text.xcconfig; name = "Pods-PhotoBooth-PhotoBoothTests.debug.xcconfig"; path = "Pods/Target Support Files/Pods-PhotoBooth-PhotoBoothTests/Pods-PhotoBooth-PhotoBoothTests.debug.xcconfig"; sourceTree = "<group>"; };
		E05D44E27EEB4992989D7657 /* Pods-PhotoBooth.release.xcconfig */ = {isa = PBXFileReference; includeInIndex = 1; lastKnownFileType = text.xcconfig; name = "Pods-PhotoBooth.release.xcconfig"; path = "Pods/Target Support Files/Pods-PhotoBooth/Pods-PhotoBooth.release.xcconfig"; sourceTree = "<group>"; };
/* End PBXFileReference section */

/* Begin PBXFrameworksBuildPhase section */
		811F9A0921484B660079EA7E /* Frameworks */ = {
			isa = PBXFrameworksBuildPhase;
			buildActionMask = 2147483647;
			files = (
				AFEFD00003861A4A1040FFE9 /* Pods_PhotoBooth.framework in Frameworks */,
			);
			runOnlyForDeploymentPostprocessing = 0;
		};
		C72BE89221751A88003C047E /* Frameworks */ = {
			isa = PBXFrameworksBuildPhase;
			buildActionMask = 2147483647;
			files = (
				B21C354927319C04C56DD55D /* Pods_PhotoBooth_PhotoBoothTests.framework in Frameworks */,
			);
			runOnlyForDeploymentPostprocessing = 0;
		};
/* End PBXFrameworksBuildPhase section */

/* Begin PBXGroup section */
		12091D2E70DA967C22AA4B55 /* Frameworks */ = {
			isa = PBXGroup;
			children = (
				96846AAC93970E121E9F3F4A /* Pods_PhotoBooth.framework */,
				1F5615ED3B5FD998599C8A7A /* Pods_PhotoBooth_PhotoBoothTests.framework */,
			);
			name = Frameworks;
			sourceTree = "<group>";
		};
		811F9A0321484B660079EA7E = {
			isa = PBXGroup;
			children = (
				811F9A0E21484B660079EA7E /* PhotoBooth */,
				C72BE89621751A88003C047E /* PhotoBoothTests */,
				811F9A0D21484B660079EA7E /* Products */,
				FD7B2F8BB6857443030DBF37 /* Pods */,
				12091D2E70DA967C22AA4B55 /* Frameworks */,
			);
			sourceTree = "<group>";
		};
		811F9A0D21484B660079EA7E /* Products */ = {
			isa = PBXGroup;
			children = (
				811F9A0C21484B660079EA7E /* PhotoBooth.app */,
				C72BE89521751A88003C047E /* PhotoBoothTests.xctest */,
			);
			name = Products;
			sourceTree = "<group>";
		};
		811F9A0E21484B660079EA7E /* PhotoBooth */ = {
			isa = PBXGroup;
			children = (
				811F9A0F21484B660079EA7E /* AppDelegate.swift */,
				811F9A1621484B670079EA7E /* Assets.xcassets */,
				814956DD21C5C3D300CE3AD9 /* Camera Page */,
				814956DE21C5C48200CE3AD9 /* Components */,
				811F9A1B21484B680079EA7E /* Info.plist */,
				81B4570121CCB2A7001595DD /* Preview Page */,
				814956D821C5B35800CE3AD9 /* ReviewPage */,
				814956E921C5CABE00CE3AD9 /* Storyboards */,
				814956EA21C5CB2E00CE3AD9 /* Supporting Files */,
			);
			path = PhotoBooth;
			sourceTree = "<group>";
		};
		8131077D22A35E050019BBC6 /* Protocols */ = {
			isa = PBXGroup;
			children = (
				8131077E22A35E390019BBC6 /* PhotoCaptureable.swift */,
				A1BA9FDB2470F70100FAA08E /* AVAuthorization.swift */,
			);
			path = Protocols;
			sourceTree = "<group>";
		};
		814956D821C5B35800CE3AD9 /* ReviewPage */ = {
			isa = PBXGroup;
			children = (
				814956DB21C5B41800CE3AD9 /* View Models */,
				814956DA21C5B3D200CE3AD9 /* View Controller */,
				814956D921C5B3AA00CE3AD9 /* Views */,
			);
			path = ReviewPage;
			sourceTree = "<group>";
		};
		814956D921C5B3AA00CE3AD9 /* Views */ = {
			isa = PBXGroup;
			children = (
				81CA8CA521A5F39A00170F1A /* ReviewPageView.swift */,
				81CA8CA721A61A7300170F1A /* ReviewCell.swift */,
			);
			path = Views;
			sourceTree = "<group>";
		};
		814956DA21C5B3D200CE3AD9 /* View Controller */ = {
			isa = PBXGroup;
			children = (
				81CA8CA321A5EEE900170F1A /* ReviewViewController.swift */,
			);
			path = "View Controller";
			sourceTree = "<group>";
		};
		814956DB21C5B41800CE3AD9 /* View Models */ = {
			isa = PBXGroup;
			children = (
				814956DC21C5B43C00CE3AD9 /* Protocols */,
				81F6B35221B88D89006A7BED /* ReviewPageViewModel.swift */,
				81CA8CA921A7883A00170F1A /* ReviewViewControllerModel.swift */,
				81CA8CAF21A9E29400170F1A /* ReviewCellViewModel.swift */,
			);
			path = "View Models";
			sourceTree = "<group>";
		};
		814956DC21C5B43C00CE3AD9 /* Protocols */ = {
			isa = PBXGroup;
			children = (
				81CA8CAD21A9E27A00170F1A /* ReviewCellModeling.swift */,
				81CA8CAB21A788CB00170F1A /* ReviewViewControllerModeling.swift */,
			);
			path = Protocols;
			sourceTree = "<group>";
		};
		814956DD21C5C3D300CE3AD9 /* Camera Page */ = {
			isa = PBXGroup;
			children = (
				814F10492154650B0066CCD5 /* CameraViewController.swift */,
				818360C32191343A00238022 /* CameraViewControllerViewModel.swift */,
			);
			path = "Camera Page";
			sourceTree = "<group>";
		};
		814956DE21C5C48200CE3AD9 /* Components */ = {
			isa = PBXGroup;
			children = (
				814956E721C5C97400CE3AD9 /* Prompts */,
				814956E121C5C57600CE3AD9 /* Analytics */,
				814956E021C5C55D00CE3AD9 /* Styles */,
				814956DF21C5C4F200CE3AD9 /* Capture Session */,
				814956E321C5C64A00CE3AD9 /* Timer */,
				814956E421C5C6D400CE3AD9 /* Countdown Indicator */,
				814956E521C5C70600CE3AD9 /* Stepper */,
			);
			path = Components;
			sourceTree = "<group>";
		};
		814956DF21C5C4F200CE3AD9 /* Capture Session */ = {
			isa = PBXGroup;
			children = (
				8131077D22A35E050019BBC6 /* Protocols */,
				814F104B2154654F0066CCD5 /* MockSession.swift */,
				81745750215B0EEB00F612F6 /* AVCapturePreviewView.swift */,
				811F9A212149A4D60079EA7E /* CaptureSession.swift */,
				814956F921C7374300CE3AD9 /* ProcessedImage.swift */,
				814956FB21C82F6100CE3AD9 /* AVCaptureVideoOrientation+Orientations.swift */,
				8131077922A1BD280019BBC6 /* FlashStatus.swift */,
				8131077B22A35D510019BBC6 /* CameraZoom.swift */,
				A1BA9FDD2470F7AF00FAA08E /* AVAuthorizationProvider.swift */,
			);
			path = "Capture Session";
			sourceTree = "<group>";
		};
		814956E021C5C55D00CE3AD9 /* Styles */ = {
			isa = PBXGroup;
			children = (
				81745754216ACF5B00F612F6 /* UIStyles.swift */,
				814956D621C5B19900CE3AD9 /* AppUtility.swift */,
			);
			path = Styles;
			sourceTree = "<group>";
		};
		814956E121C5C57600CE3AD9 /* Analytics */ = {
			isa = PBXGroup;
			children = (
				814956D221C323A400CE3AD9 /* AnalyticsFactory.swift */,
				814956D421C5ADD500CE3AD9 /* AVSession+Analytics.swift */,
				814956F321C71B0100CE3AD9 /* PhotoShootConfiguration+Analytics.swift */,
				814956F521C71CAA00CE3AD9 /* PhotoShootData+Analytics.swift */,
				814956F721C7344A00CE3AD9 /* UIDeviceOrientation+Analytics.swift */,
				811A89D321C83BF800AA3D3D /* ProcessedImage+Analytics.swift */,
				811A89D521C8415B00AA3D3D /* Dictionary+MergeOperator.swift */,
				A14499532476106C00100B7C /* MetricsProvider.swift */,
			);
			path = Analytics;
			sourceTree = "<group>";
		};
		814956E221C5C60900CE3AD9 /* Presenter */ = {
			isa = PBXGroup;
			children = (
				8174574C21598D7E00F612F6 /* PromptView.swift */,
				813B2FB3218809BE00CEB640 /* PartialModal.swift */,
			);
			path = Presenter;
			sourceTree = "<group>";
		};
		814956E321C5C64A00CE3AD9 /* Timer */ = {
			isa = PBXGroup;
			children = (
				818360BB218F9FF100238022 /* TimerModeling.swift */,
				818360BD218FA0A400238022 /* CountdownTimer.swift */,
			);
			path = Timer;
			sourceTree = "<group>";
		};
		814956E421C5C6D400CE3AD9 /* Countdown Indicator */ = {
			isa = PBXGroup;
			children = (
				818360B9218CCFD100238022 /* CountdownIndicatorView.swift */,
				818360BF218FC5DB00238022 /* CountdownIndicatorViewModeling.swift */,
				818360C1218FC5FA00238022 /* CountdownIndicatorViewModel.swift */,
			);
			path = "Countdown Indicator";
			sourceTree = "<group>";
		};
		814956E521C5C70600CE3AD9 /* Stepper */ = {
			isa = PBXGroup;
			children = (
				81745756216ADE6700F612F6 /* CustomStepperView.swift */,
				812704AA21707E8500545143 /* StepperViewModeling.swift */,
				812704AE2173FECF00545143 /* PhotoStepperViewModel.swift */,
				812704B02174002500545143 /* TimeIntervalStepperViewModel.swift */,
			);
			path = Stepper;
			sourceTree = "<group>";
		};
		814956E621C5C92A00CE3AD9 /* Set Up Shoot */ = {
			isa = PBXGroup;
			children = (
				813B2FAF21864F2C00CEB640 /* SetupCardPartialModal.swift */,
				8174574E21598DA800F612F6 /* SetupCardView.swift */,
				812704B42176540100545143 /* SetupCardViewModeling+PhotoShootConfiguration.swift */,
				812704B221740B2A00545143 /* SetupCardViewModel.swift */,
			);
			path = "Set Up Shoot";
			sourceTree = "<group>";
		};
		814956E721C5C97400CE3AD9 /* Prompts */ = {
			isa = PBXGroup;
			children = (
				814956E821C5C9F700CE3AD9 /* Cancellation */,
				814956E221C5C60900CE3AD9 /* Presenter */,
				814956E621C5C92A00CE3AD9 /* Set Up Shoot */,
			);
			path = Prompts;
			sourceTree = "<group>";
		};
		814956E821C5C9F700CE3AD9 /* Cancellation */ = {
			isa = PBXGroup;
			children = (
				818360892188D68500238022 /* SwipeToCancelPromptPartialModal.swift */,
				8183608F2188E50000238022 /* SwipeToCancelPromptViewModeling.swift */,
				8183608B2188D80100238022 /* SwipeToCancelPromptView.swift */,
				8183608D2188E34700238022 /* SwipeToCancelPromptViewModel.swift */,
				81A70D4021BDC3B900DB8884 /* SwipeToCancelPartialModal.swift */,
				81F6B35621BB4705006A7BED /* CancellationPartialModalView.swift */,
				81F6B35821BDA79F006A7BED /* CancellationViewModeling.swift */,
				81F6B35A21BDA8E9006A7BED /* CancellationViewModel.swift */,
			);
			path = Cancellation;
			sourceTree = "<group>";
		};
		814956E921C5CABE00CE3AD9 /* Storyboards */ = {
			isa = PBXGroup;
			children = (
				811F9A1821484B680079EA7E /* LaunchScreen.storyboard */,
				811F9A1321484B660079EA7E /* Main.storyboard */,
			);
			path = Storyboards;
			sourceTree = "<group>";
		};
		814956EA21C5CB2E00CE3AD9 /* Supporting Files */ = {
			isa = PBXGroup;
			children = (
				814956EB21C5CB4300CE3AD9 /* GoogleService-Info.plist */,
			);
			path = "Supporting Files";
			sourceTree = "<group>";
		};
		81B4570121CCB2A7001595DD /* Preview Page */ = {
			isa = PBXGroup;
			children = (
				81B4570421CCB306001595DD /* View */,
				81B4570321CCB2F1001595DD /* View Controller */,
				81B4570221CCB2C4001595DD /* View Model */,
			);
			path = "Preview Page";
			sourceTree = "<group>";
		};
		81B4570221CCB2C4001595DD /* View Model */ = {
			isa = PBXGroup;
			children = (
				81B4570721CCCD78001595DD /* PreviewViewModel.swift */,
				81B4570B21CCD5AB001595DD /* PreviewViewControllerViewModel.swift */,
			);
			path = "View Model";
			sourceTree = "<group>";
		};
		81B4570321CCB2F1001595DD /* View Controller */ = {
			isa = PBXGroup;
			children = (
				81B4570921CCD37A001595DD /* PreviewViewController.swift */,
			);
			path = "View Controller";
			sourceTree = "<group>";
		};
		81B4570421CCB306001595DD /* View */ = {
			isa = PBXGroup;
			children = (
				81B4570521CCB3C8001595DD /* PreviewView.swift */,
			);
			path = View;
			sourceTree = "<group>";
		};
		C72BE89621751A88003C047E /* PhotoBoothTests */ = {
			isa = PBXGroup;
			children = (
				C72BE89721751A88003C047E /* PhotoBoothTests.swift */,
				C72BE89921751A88003C047E /* Info.plist */,
				C72BE89F21751CC2003C047E /* QuickNimbleDemoTestFile.swift */,
				813B2FB121868C3200CEB640 /* PhotoShootSetupCardViewModelSpec.swift */,
				813B2FAD2181F50A00CEB640 /* TimeIntervalStepperViewModelSpec.swift */,
				8161FBE0218116DB001A7063 /* PhotoStepperViewModelSpec.swift */,
				81836091218A696C00238022 /* SwipeToCancelPromptSpec.swift */,
				81A70D4421BF26FD00DB8884 /* CancellationViewModelSpec.swift */,
				81CA8C9F2194F87200170F1A /* CountdownTimerSpec.swift */,
				81CA8CA12195319A00170F1A /* CountdownIndicatorViewModelSpec.swift */,
				81F6B35421BA0C0D006A7BED /* ReviewPageViewModelSpec.swift */,
				81CA8CD721B5BC6800170F1A /* ReviewViewControllerModelSpec.swift */,
				81F6B35021B61FB7006A7BED /* ReviewCellViewModelSpec.swift */,
			);
			path = PhotoBoothTests;
			sourceTree = "<group>";
		};
		FD7B2F8BB6857443030DBF37 /* Pods */ = {
			isa = PBXGroup;
			children = (
				3DFCDBC024AD4C950711D037 /* Pods-PhotoBooth.debug.xcconfig */,
				E05D44E27EEB4992989D7657 /* Pods-PhotoBooth.release.xcconfig */,
				D91A7FF8E9B9F5E844C0255B /* Pods-PhotoBooth-PhotoBoothTests.debug.xcconfig */,
				37D389BACCFB6A3D7F40DAAF /* Pods-PhotoBooth-PhotoBoothTests.release.xcconfig */,
			);
			name = Pods;
			sourceTree = "<group>";
		};
/* End PBXGroup section */

/* Begin PBXNativeTarget section */
		811F9A0B21484B660079EA7E /* PhotoBooth */ = {
			isa = PBXNativeTarget;
			buildConfigurationList = 811F9A1E21484B680079EA7E /* Build configuration list for PBXNativeTarget "PhotoBooth" */;
			buildPhases = (
				44C38A9FEBD3085BC9674550 /* [CP] Check Pods Manifest.lock */,
				811F9A0821484B660079EA7E /* Sources */,
				811F9A0921484B660079EA7E /* Frameworks */,
				811F9A0A21484B660079EA7E /* Resources */,
				CB02BC02425DED55E58B3090 /* [CP] Embed Pods Frameworks */,
				81050D4821CB41AF003BB162 /* Versioning Script */,
				819CEB4221E94A13005D77D7 /* Crashlytics Run Script */,
			);
			buildRules = (
			);
			dependencies = (
			);
			name = PhotoBooth;
			productName = PhotoBooth;
			productReference = 811F9A0C21484B660079EA7E /* PhotoBooth.app */;
			productType = "com.apple.product-type.application";
		};
		C72BE89421751A88003C047E /* PhotoBoothTests */ = {
			isa = PBXNativeTarget;
			buildConfigurationList = C72BE89E21751A88003C047E /* Build configuration list for PBXNativeTarget "PhotoBoothTests" */;
			buildPhases = (
				9CD8153B07D9E8B35A454628 /* [CP] Check Pods Manifest.lock */,
				C72BE89121751A88003C047E /* Sources */,
				C72BE89221751A88003C047E /* Frameworks */,
				C72BE89321751A88003C047E /* Resources */,
				B24AEE4E9E19689BCF4C33AB /* [CP] Embed Pods Frameworks */,
			);
			buildRules = (
			);
			dependencies = (
				C72BE89B21751A88003C047E /* PBXTargetDependency */,
			);
			name = PhotoBoothTests;
			productName = PhotoBoothTests;
			productReference = C72BE89521751A88003C047E /* PhotoBoothTests.xctest */;
			productType = "com.apple.product-type.bundle.unit-test";
		};
/* End PBXNativeTarget section */

/* Begin PBXProject section */
		811F9A0421484B660079EA7E /* Project object */ = {
			isa = PBXProject;
			attributes = {
				LastSwiftUpdateCheck = 0940;
				LastUpgradeCheck = 0940;
				ORGANIZATIONNAME = "Vikash Hart";
				TargetAttributes = {
					811F9A0B21484B660079EA7E = {
						CreatedOnToolsVersion = 9.4;
						LastSwiftMigration = 1030;
					};
					C72BE89421751A88003C047E = {
						CreatedOnToolsVersion = 9.4.1;
						LastSwiftMigration = 1030;
						TestTargetID = 811F9A0B21484B660079EA7E;
					};
				};
			};
			buildConfigurationList = 811F9A0721484B660079EA7E /* Build configuration list for PBXProject "PhotoBooth" */;
			compatibilityVersion = "Xcode 9.3";
			developmentRegion = en;
			hasScannedForEncodings = 0;
			knownRegions = (
				en,
				Base,
			);
			mainGroup = 811F9A0321484B660079EA7E;
			productRefGroup = 811F9A0D21484B660079EA7E /* Products */;
			projectDirPath = "";
			projectRoot = "";
			targets = (
				811F9A0B21484B660079EA7E /* PhotoBooth */,
				C72BE89421751A88003C047E /* PhotoBoothTests */,
			);
		};
/* End PBXProject section */

/* Begin PBXResourcesBuildPhase section */
		811F9A0A21484B660079EA7E /* Resources */ = {
			isa = PBXResourcesBuildPhase;
			buildActionMask = 2147483647;
			files = (
				811F9A1A21484B680079EA7E /* LaunchScreen.storyboard in Resources */,
				814956EE21C5CBA500CE3AD9 /* GoogleService-Info.plist in Resources */,
				811F9A1721484B670079EA7E /* Assets.xcassets in Resources */,
				811F9A1521484B660079EA7E /* Main.storyboard in Resources */,
			);
			runOnlyForDeploymentPostprocessing = 0;
		};
		C72BE89321751A88003C047E /* Resources */ = {
			isa = PBXResourcesBuildPhase;
			buildActionMask = 2147483647;
			files = (
			);
			runOnlyForDeploymentPostprocessing = 0;
		};
/* End PBXResourcesBuildPhase section */

/* Begin PBXShellScriptBuildPhase section */
		44C38A9FEBD3085BC9674550 /* [CP] Check Pods Manifest.lock */ = {
			isa = PBXShellScriptBuildPhase;
			buildActionMask = 2147483647;
			files = (
			);
			inputPaths = (
				"${PODS_PODFILE_DIR_PATH}/Podfile.lock",
				"${PODS_ROOT}/Manifest.lock",
			);
			name = "[CP] Check Pods Manifest.lock";
			outputPaths = (
				"$(DERIVED_FILE_DIR)/Pods-PhotoBooth-checkManifestLockResult.txt",
			);
			runOnlyForDeploymentPostprocessing = 0;
			shellPath = /bin/sh;
			shellScript = "diff \"${PODS_PODFILE_DIR_PATH}/Podfile.lock\" \"${PODS_ROOT}/Manifest.lock\" > /dev/null\nif [ $? != 0 ] ; then\n    # print error to STDERR\n    echo \"error: The sandbox is not in sync with the Podfile.lock. Run 'pod install' or update your CocoaPods installation.\" >&2\n    exit 1\nfi\n# This output is used by Xcode 'outputs' to avoid re-running this script phase.\necho \"SUCCESS\" > \"${SCRIPT_OUTPUT_FILE_0}\"\n";
			showEnvVarsInLog = 0;
		};
		81050D4821CB41AF003BB162 /* Versioning Script */ = {
			isa = PBXShellScriptBuildPhase;
			buildActionMask = 2147483647;
			files = (
			);
			inputFileListPaths = (
			);
			inputPaths = (
			);
			name = "Versioning Script";
			outputFileListPaths = (
			);
			outputPaths = (
			);
			runOnlyForDeploymentPostprocessing = 0;
			shellPath = /bin/sh;
			shellScript = "# Type a script or drag a script file from your workspace to insert its path.\n\ngit=$(sh /etc/profile; which git)\ngit_release_version=$(\"$git\" describe --tags --always --abbrev=0)\nnumber_of_commits=$(\"$git\" rev-list master | wc -l | tr -d ' ')\ntarget_plist=\"$TARGET_BUILD_DIR/$INFOPLIST_PATH\"\ndsym_plist=\"$DWARF_DSYM_FOLDER_PATH/$DWARF_DSYM_FILE_NAME/Contents/Info.plist\"\n\nfor plist in \"$target_plist\" \"$dsym_plist\"; do\nif [ -f \"$plist\" ]; then\n/usr/libexec/PlistBuddy -c \"Set :CFBundleVersion $number_of_commits\" \"$plist\"\n/usr/libexec/PlistBuddy -c \"Set :CFBundleShortVersionString ${git_release_version#*v}\" \"$plist\"\nfi\ndone\n";
		};
		819CEB4221E94A13005D77D7 /* Crashlytics Run Script */ = {
			isa = PBXShellScriptBuildPhase;
			buildActionMask = 8;
			files = (
			);
			inputFileListPaths = (
			);
			inputPaths = (
				"$(SRCROOT)/${DWARF_DSYM_FOLDER_PATH}/${DWARF_DSYM_FILE_NAME}/Contents/Resources/DWARF/${TARGET_NAME}",
				"$(SRCROOT)/$(BUILT_PRODUCTS_DIR)/$(INFOPLIST_PATH)",
			);
			name = "Crashlytics Run Script";
			outputFileListPaths = (
			);
			outputPaths = (
			);
			runOnlyForDeploymentPostprocessing = 1;
			shellPath = /bin/sh;
			shellScript = "\"${PODS_ROOT}/FirebaseCrashlytics/run\"\n";
		};
		9CD8153B07D9E8B35A454628 /* [CP] Check Pods Manifest.lock */ = {
			isa = PBXShellScriptBuildPhase;
			buildActionMask = 2147483647;
			files = (
			);
			inputPaths = (
				"${PODS_PODFILE_DIR_PATH}/Podfile.lock",
				"${PODS_ROOT}/Manifest.lock",
			);
			name = "[CP] Check Pods Manifest.lock";
			outputPaths = (
				"$(DERIVED_FILE_DIR)/Pods-PhotoBooth-PhotoBoothTests-checkManifestLockResult.txt",
			);
			runOnlyForDeploymentPostprocessing = 0;
			shellPath = /bin/sh;
			shellScript = "diff \"${PODS_PODFILE_DIR_PATH}/Podfile.lock\" \"${PODS_ROOT}/Manifest.lock\" > /dev/null\nif [ $? != 0 ] ; then\n    # print error to STDERR\n    echo \"error: The sandbox is not in sync with the Podfile.lock. Run 'pod install' or update your CocoaPods installation.\" >&2\n    exit 1\nfi\n# This output is used by Xcode 'outputs' to avoid re-running this script phase.\necho \"SUCCESS\" > \"${SCRIPT_OUTPUT_FILE_0}\"\n";
			showEnvVarsInLog = 0;
		};
		B24AEE4E9E19689BCF4C33AB /* [CP] Embed Pods Frameworks */ = {
			isa = PBXShellScriptBuildPhase;
			buildActionMask = 2147483647;
			files = (
			);
			inputFileListPaths = (
				"${PODS_ROOT}/Target Support Files/Pods-PhotoBooth-PhotoBoothTests/Pods-PhotoBooth-PhotoBoothTests-frameworks-${CONFIGURATION}-input-files.xcfilelist",
			);
			name = "[CP] Embed Pods Frameworks";
			outputFileListPaths = (
				"${PODS_ROOT}/Target Support Files/Pods-PhotoBooth-PhotoBoothTests/Pods-PhotoBooth-PhotoBoothTests-frameworks-${CONFIGURATION}-output-files.xcfilelist",
			);
			runOnlyForDeploymentPostprocessing = 0;
			shellPath = /bin/sh;
			shellScript = "\"${PODS_ROOT}/Target Support Files/Pods-PhotoBooth-PhotoBoothTests/Pods-PhotoBooth-PhotoBoothTests-frameworks.sh\"\n";
			showEnvVarsInLog = 0;
		};
		CB02BC02425DED55E58B3090 /* [CP] Embed Pods Frameworks */ = {
			isa = PBXShellScriptBuildPhase;
			buildActionMask = 2147483647;
			files = (
			);
			inputFileListPaths = (
				"${PODS_ROOT}/Target Support Files/Pods-PhotoBooth/Pods-PhotoBooth-frameworks-${CONFIGURATION}-input-files.xcfilelist",
			);
			name = "[CP] Embed Pods Frameworks";
			outputFileListPaths = (
				"${PODS_ROOT}/Target Support Files/Pods-PhotoBooth/Pods-PhotoBooth-frameworks-${CONFIGURATION}-output-files.xcfilelist",
			);
			runOnlyForDeploymentPostprocessing = 0;
			shellPath = /bin/sh;
			shellScript = "\"${PODS_ROOT}/Target Support Files/Pods-PhotoBooth/Pods-PhotoBooth-frameworks.sh\"\n";
			showEnvVarsInLog = 0;
		};
/* End PBXShellScriptBuildPhase section */

/* Begin PBXSourcesBuildPhase section */
		811F9A0821484B660079EA7E /* Sources */ = {
			isa = PBXSourcesBuildPhase;
			buildActionMask = 2147483647;
			files = (
				812704B12174002500545143 /* TimeIntervalStepperViewModel.swift in Sources */,
				812704B52176540100545143 /* SetupCardViewModeling+PhotoShootConfiguration.swift in Sources */,
				A1BA9FDE2470F7AF00FAA08E /* AVAuthorizationProvider.swift in Sources */,
				818360BC218F9FF100238022 /* TimerModeling.swift in Sources */,
				814956F821C7344A00CE3AD9 /* UIDeviceOrientation+Analytics.swift in Sources */,
				81B4570C21CCD5AB001595DD /* PreviewViewControllerViewModel.swift in Sources */,
				81CA8CA821A61A7300170F1A /* ReviewCell.swift in Sources */,
				81745757216ADE6700F612F6 /* CustomStepperView.swift in Sources */,
				81CA8CAA21A7883A00170F1A /* ReviewViewControllerModel.swift in Sources */,
				812704B321740B2A00545143 /* SetupCardViewModel.swift in Sources */,
				81745751215B0EEB00F612F6 /* AVCapturePreviewView.swift in Sources */,
				814956F421C71B0100CE3AD9 /* PhotoShootConfiguration+Analytics.swift in Sources */,
				81F6B35921BDA79F006A7BED /* CancellationViewModeling.swift in Sources */,
				812704AB21707E8500545143 /* StepperViewModeling.swift in Sources */,
				81CA8CA421A5EEE900170F1A /* ReviewViewController.swift in Sources */,
				81B4570821CCCD78001595DD /* PreviewViewModel.swift in Sources */,
				814956D721C5B19900CE3AD9 /* AppUtility.swift in Sources */,
				814956D321C323A400CE3AD9 /* AnalyticsFactory.swift in Sources */,
				818360C2218FC5FA00238022 /* CountdownIndicatorViewModel.swift in Sources */,
				818360C42191343A00238022 /* CameraViewControllerViewModel.swift in Sources */,
				81CA8CAC21A788CB00170F1A /* ReviewViewControllerModeling.swift in Sources */,
				813B2FB021864F2C00CEB640 /* SetupCardPartialModal.swift in Sources */,
				81B4570A21CCD37A001595DD /* PreviewViewController.swift in Sources */,
				818360902188E50000238022 /* SwipeToCancelPromptViewModeling.swift in Sources */,
				814956FA21C7374300CE3AD9 /* ProcessedImage.swift in Sources */,
				813B2FB4218809BE00CEB640 /* PartialModal.swift in Sources */,
				811A89D621C8415B00AA3D3D /* Dictionary+MergeOperator.swift in Sources */,
				818360BE218FA0A400238022 /* CountdownTimer.swift in Sources */,
				8174574F21598DA800F612F6 /* SetupCardView.swift in Sources */,
				8131077F22A35E3A0019BBC6 /* PhotoCaptureable.swift in Sources */,
				81F6B35721BB4705006A7BED /* CancellationPartialModalView.swift in Sources */,
				81745755216ACF5B00F612F6 /* UIStyles.swift in Sources */,
				814F104A2154650B0066CCD5 /* CameraViewController.swift in Sources */,
				811A89D421C83BF800AA3D3D /* ProcessedImage+Analytics.swift in Sources */,
				81CA8CAE21A9E27A00170F1A /* ReviewCellModeling.swift in Sources */,
				814F104C2154654F0066CCD5 /* MockSession.swift in Sources */,
				81F6B35321B88D89006A7BED /* ReviewPageViewModel.swift in Sources */,
				818360C0218FC5DB00238022 /* CountdownIndicatorViewModeling.swift in Sources */,
				81F6B35B21BDA8E9006A7BED /* CancellationViewModel.swift in Sources */,
				8183608E2188E34700238022 /* SwipeToCancelPromptViewModel.swift in Sources */,
				811F9A1021484B660079EA7E /* AppDelegate.swift in Sources */,
				81CA8CA621A5F39A00170F1A /* ReviewPageView.swift in Sources */,
				811F9A222149A4D60079EA7E /* CaptureSession.swift in Sources */,
				81A70D4121BDC3B900DB8884 /* SwipeToCancelPartialModal.swift in Sources */,
				8183608C2188D80100238022 /* SwipeToCancelPromptView.swift in Sources */,
				814956D521C5ADD500CE3AD9 /* AVSession+Analytics.swift in Sources */,
				A14499542476106D00100B7C /* MetricsProvider.swift in Sources */,
				8174574D21598D7E00F612F6 /* PromptView.swift in Sources */,
				8183608A2188D68500238022 /* SwipeToCancelPromptPartialModal.swift in Sources */,
				812704AF2173FECF00545143 /* PhotoStepperViewModel.swift in Sources */,
				A1BA9FDC2470F70100FAA08E /* AVAuthorization.swift in Sources */,
				8131077C22A35D520019BBC6 /* CameraZoom.swift in Sources */,
				81B4570621CCB3C8001595DD /* PreviewView.swift in Sources */,
				814956F621C71CAA00CE3AD9 /* PhotoShootData+Analytics.swift in Sources */,
				814956FC21C82F6100CE3AD9 /* AVCaptureVideoOrientation+Orientations.swift in Sources */,
				818360BA218CCFD100238022 /* CountdownIndicatorView.swift in Sources */,
				8131077A22A1BD280019BBC6 /* FlashStatus.swift in Sources */,
				81CA8CB021A9E29400170F1A /* ReviewCellViewModel.swift in Sources */,
			);
			runOnlyForDeploymentPostprocessing = 0;
		};
		C72BE89121751A88003C047E /* Sources */ = {
			isa = PBXSourcesBuildPhase;
			buildActionMask = 2147483647;
			files = (
				81CA8CA02194F87200170F1A /* CountdownTimerSpec.swift in Sources */,
				8161FBE1218116DB001A7063 /* PhotoStepperViewModelSpec.swift in Sources */,
				C72BE89821751A88003C047E /* PhotoBoothTests.swift in Sources */,
				813B2FAE2181F50A00CEB640 /* TimeIntervalStepperViewModelSpec.swift in Sources */,
				81CA8CD821B5BC6800170F1A /* ReviewViewControllerModelSpec.swift in Sources */,
				81F6B35121B61FB7006A7BED /* ReviewCellViewModelSpec.swift in Sources */,
				81A70D4521BF26FD00DB8884 /* CancellationViewModelSpec.swift in Sources */,
				C72BE8A021751CC2003C047E /* QuickNimbleDemoTestFile.swift in Sources */,
				81CA8CA22195319A00170F1A /* CountdownIndicatorViewModelSpec.swift in Sources */,
				81F6B35521BA0C0D006A7BED /* ReviewPageViewModelSpec.swift in Sources */,
				81836092218A696C00238022 /* SwipeToCancelPromptSpec.swift in Sources */,
				813B2FB221868C3200CEB640 /* PhotoShootSetupCardViewModelSpec.swift in Sources */,
			);
			runOnlyForDeploymentPostprocessing = 0;
		};
/* End PBXSourcesBuildPhase section */

/* Begin PBXTargetDependency section */
		C72BE89B21751A88003C047E /* PBXTargetDependency */ = {
			isa = PBXTargetDependency;
			target = 811F9A0B21484B660079EA7E /* PhotoBooth */;
			targetProxy = C72BE89A21751A88003C047E /* PBXContainerItemProxy */;
		};
/* End PBXTargetDependency section */

/* Begin PBXVariantGroup section */
		811F9A1321484B660079EA7E /* Main.storyboard */ = {
			isa = PBXVariantGroup;
			children = (
				811F9A1421484B660079EA7E /* Base */,
			);
			name = Main.storyboard;
			sourceTree = "<group>";
		};
		811F9A1821484B680079EA7E /* LaunchScreen.storyboard */ = {
			isa = PBXVariantGroup;
			children = (
				811F9A1921484B680079EA7E /* Base */,
			);
			name = LaunchScreen.storyboard;
			sourceTree = "<group>";
		};
/* End PBXVariantGroup section */

/* Begin XCBuildConfiguration section */
		811F9A1C21484B680079EA7E /* Debug */ = {
			isa = XCBuildConfiguration;
			buildSettings = {
				ALWAYS_SEARCH_USER_PATHS = NO;
				CLANG_ANALYZER_NONNULL = YES;
				CLANG_ANALYZER_NUMBER_OBJECT_CONVERSION = YES_AGGRESSIVE;
				CLANG_CXX_LANGUAGE_STANDARD = "gnu++14";
				CLANG_CXX_LIBRARY = "libc++";
				CLANG_ENABLE_MODULES = YES;
				CLANG_ENABLE_OBJC_ARC = YES;
				CLANG_ENABLE_OBJC_WEAK = YES;
				CLANG_WARN_BLOCK_CAPTURE_AUTORELEASING = YES;
				CLANG_WARN_BOOL_CONVERSION = YES;
				CLANG_WARN_COMMA = YES;
				CLANG_WARN_CONSTANT_CONVERSION = YES;
				CLANG_WARN_DEPRECATED_OBJC_IMPLEMENTATIONS = YES;
				CLANG_WARN_DIRECT_OBJC_ISA_USAGE = YES_ERROR;
				CLANG_WARN_DOCUMENTATION_COMMENTS = YES;
				CLANG_WARN_EMPTY_BODY = YES;
				CLANG_WARN_ENUM_CONVERSION = YES;
				CLANG_WARN_INFINITE_RECURSION = YES;
				CLANG_WARN_INT_CONVERSION = YES;
				CLANG_WARN_NON_LITERAL_NULL_CONVERSION = YES;
				CLANG_WARN_OBJC_IMPLICIT_RETAIN_SELF = YES;
				CLANG_WARN_OBJC_LITERAL_CONVERSION = YES;
				CLANG_WARN_OBJC_ROOT_CLASS = YES_ERROR;
				CLANG_WARN_RANGE_LOOP_ANALYSIS = YES;
				CLANG_WARN_STRICT_PROTOTYPES = YES;
				CLANG_WARN_SUSPICIOUS_MOVE = YES;
				CLANG_WARN_UNGUARDED_AVAILABILITY = YES_AGGRESSIVE;
				CLANG_WARN_UNREACHABLE_CODE = YES;
				CLANG_WARN__DUPLICATE_METHOD_MATCH = YES;
				CODE_SIGN_IDENTITY = "iPhone Developer";
				COPY_PHASE_STRIP = NO;
				DEBUG_INFORMATION_FORMAT = dwarf;
				ENABLE_STRICT_OBJC_MSGSEND = YES;
				ENABLE_TESTABILITY = YES;
				GCC_C_LANGUAGE_STANDARD = gnu11;
				GCC_DYNAMIC_NO_PIC = NO;
				GCC_NO_COMMON_BLOCKS = YES;
				GCC_OPTIMIZATION_LEVEL = 0;
				GCC_PREPROCESSOR_DEFINITIONS = (
					"DEBUG=1",
					"$(inherited)",
				);
				GCC_WARN_64_TO_32_BIT_CONVERSION = YES;
				GCC_WARN_ABOUT_RETURN_TYPE = YES_ERROR;
				GCC_WARN_UNDECLARED_SELECTOR = YES;
				GCC_WARN_UNINITIALIZED_AUTOS = YES_AGGRESSIVE;
				GCC_WARN_UNUSED_FUNCTION = YES;
				GCC_WARN_UNUSED_VARIABLE = YES;
				IPHONEOS_DEPLOYMENT_TARGET = 11.4;
				MTL_ENABLE_DEBUG_INFO = YES;
				ONLY_ACTIVE_ARCH = YES;
				SDKROOT = iphoneos;
				SWIFT_ACTIVE_COMPILATION_CONDITIONS = DEBUG;
				SWIFT_OPTIMIZATION_LEVEL = "-Onone";
			};
			name = Debug;
		};
		811F9A1D21484B680079EA7E /* Release */ = {
			isa = XCBuildConfiguration;
			buildSettings = {
				ALWAYS_SEARCH_USER_PATHS = NO;
				CLANG_ANALYZER_NONNULL = YES;
				CLANG_ANALYZER_NUMBER_OBJECT_CONVERSION = YES_AGGRESSIVE;
				CLANG_CXX_LANGUAGE_STANDARD = "gnu++14";
				CLANG_CXX_LIBRARY = "libc++";
				CLANG_ENABLE_MODULES = YES;
				CLANG_ENABLE_OBJC_ARC = YES;
				CLANG_ENABLE_OBJC_WEAK = YES;
				CLANG_WARN_BLOCK_CAPTURE_AUTORELEASING = YES;
				CLANG_WARN_BOOL_CONVERSION = YES;
				CLANG_WARN_COMMA = YES;
				CLANG_WARN_CONSTANT_CONVERSION = YES;
				CLANG_WARN_DEPRECATED_OBJC_IMPLEMENTATIONS = YES;
				CLANG_WARN_DIRECT_OBJC_ISA_USAGE = YES_ERROR;
				CLANG_WARN_DOCUMENTATION_COMMENTS = YES;
				CLANG_WARN_EMPTY_BODY = YES;
				CLANG_WARN_ENUM_CONVERSION = YES;
				CLANG_WARN_INFINITE_RECURSION = YES;
				CLANG_WARN_INT_CONVERSION = YES;
				CLANG_WARN_NON_LITERAL_NULL_CONVERSION = YES;
				CLANG_WARN_OBJC_IMPLICIT_RETAIN_SELF = YES;
				CLANG_WARN_OBJC_LITERAL_CONVERSION = YES;
				CLANG_WARN_OBJC_ROOT_CLASS = YES_ERROR;
				CLANG_WARN_RANGE_LOOP_ANALYSIS = YES;
				CLANG_WARN_STRICT_PROTOTYPES = YES;
				CLANG_WARN_SUSPICIOUS_MOVE = YES;
				CLANG_WARN_UNGUARDED_AVAILABILITY = YES_AGGRESSIVE;
				CLANG_WARN_UNREACHABLE_CODE = YES;
				CLANG_WARN__DUPLICATE_METHOD_MATCH = YES;
				CODE_SIGN_IDENTITY = "iPhone Developer";
				COPY_PHASE_STRIP = NO;
				DEBUG_INFORMATION_FORMAT = "dwarf-with-dsym";
				ENABLE_NS_ASSERTIONS = NO;
				ENABLE_STRICT_OBJC_MSGSEND = YES;
				GCC_C_LANGUAGE_STANDARD = gnu11;
				GCC_NO_COMMON_BLOCKS = YES;
				GCC_WARN_64_TO_32_BIT_CONVERSION = YES;
				GCC_WARN_ABOUT_RETURN_TYPE = YES_ERROR;
				GCC_WARN_UNDECLARED_SELECTOR = YES;
				GCC_WARN_UNINITIALIZED_AUTOS = YES_AGGRESSIVE;
				GCC_WARN_UNUSED_FUNCTION = YES;
				GCC_WARN_UNUSED_VARIABLE = YES;
				IPHONEOS_DEPLOYMENT_TARGET = 11.4;
				MTL_ENABLE_DEBUG_INFO = NO;
				SDKROOT = iphoneos;
				SWIFT_COMPILATION_MODE = wholemodule;
				SWIFT_OPTIMIZATION_LEVEL = "-O";
				VALIDATE_PRODUCT = YES;
			};
			name = Release;
		};
		811F9A1F21484B680079EA7E /* Debug */ = {
			isa = XCBuildConfiguration;
			baseConfigurationReference = 3DFCDBC024AD4C950711D037 /* Pods-PhotoBooth.debug.xcconfig */;
			buildSettings = {
				ANALYTICS_ENABLED = NO;
				ASSETCATALOG_COMPILER_APPICON_NAME = AppIcon;
				CODE_SIGN_STYLE = Automatic;
				DEBUG_INFORMATION_FORMAT = dwarf;
				DEVELOPMENT_TEAM = 63X7US2LVV;
				INFOPLIST_FILE = PhotoBooth/Info.plist;
				LD_RUNPATH_SEARCH_PATHS = (
					"$(inherited)",
					"@executable_path/Frameworks",
				);
				PRODUCT_BUNDLE_IDENTIFIER = "Vikash-Hart.PhotoBooth";
				PRODUCT_NAME = "$(TARGET_NAME)";
				SWIFT_VERSION = 5.0;
				TARGETED_DEVICE_FAMILY = 1;
			};
			name = Debug;
		};
		811F9A2021484B680079EA7E /* Release */ = {
			isa = XCBuildConfiguration;
			baseConfigurationReference = E05D44E27EEB4992989D7657 /* Pods-PhotoBooth.release.xcconfig */;
			buildSettings = {
				ANALYTICS_ENABLED = YES;
				ASSETCATALOG_COMPILER_APPICON_NAME = AppIcon;
				CODE_SIGN_STYLE = Automatic;
				DEBUG_INFORMATION_FORMAT = "dwarf-with-dsym";
				DEVELOPMENT_TEAM = 63X7US2LVV;
				INFOPLIST_FILE = PhotoBooth/Info.plist;
				LD_RUNPATH_SEARCH_PATHS = (
					"$(inherited)",
					"@executable_path/Frameworks",
				);
				PRODUCT_BUNDLE_IDENTIFIER = "Vikash-Hart.PhotoBooth";
				PRODUCT_NAME = "$(TARGET_NAME)";
				SWIFT_VERSION = 5.0;
				TARGETED_DEVICE_FAMILY = 1;
			};
			name = Release;
		};
		C72BE89C21751A88003C047E /* Debug */ = {
			isa = XCBuildConfiguration;
			baseConfigurationReference = D91A7FF8E9B9F5E844C0255B /* Pods-PhotoBooth-PhotoBoothTests.debug.xcconfig */;
			buildSettings = {
				BUNDLE_LOADER = "$(TEST_HOST)";
				CODE_SIGN_STYLE = Automatic;
				DEVELOPMENT_TEAM = 63X7US2LVV;
				INFOPLIST_FILE = PhotoBoothTests/Info.plist;
				LD_RUNPATH_SEARCH_PATHS = (
					"$(inherited)",
					"@executable_path/Frameworks",
					"@loader_path/Frameworks",
				);
				PRODUCT_BUNDLE_IDENTIFIER = vh.PhotoBoothTests;
				PRODUCT_NAME = "$(TARGET_NAME)";
				SWIFT_VERSION = 5.0;
				TARGETED_DEVICE_FAMILY = "1,2";
				TEST_HOST = "$(BUILT_PRODUCTS_DIR)/PhotoBooth.app/PhotoBooth";
			};
			name = Debug;
		};
		C72BE89D21751A88003C047E /* Release */ = {
			isa = XCBuildConfiguration;
			baseConfigurationReference = 37D389BACCFB6A3D7F40DAAF /* Pods-PhotoBooth-PhotoBoothTests.release.xcconfig */;
			buildSettings = {
				BUNDLE_LOADER = "$(TEST_HOST)";
				CODE_SIGN_STYLE = Automatic;
				DEVELOPMENT_TEAM = 63X7US2LVV;
				INFOPLIST_FILE = PhotoBoothTests/Info.plist;
				LD_RUNPATH_SEARCH_PATHS = (
					"$(inherited)",
					"@executable_path/Frameworks",
					"@loader_path/Frameworks",
				);
				PRODUCT_BUNDLE_IDENTIFIER = vh.PhotoBoothTests;
				PRODUCT_NAME = "$(TARGET_NAME)";
				SWIFT_VERSION = 5.0;
				TARGETED_DEVICE_FAMILY = "1,2";
				TEST_HOST = "$(BUILT_PRODUCTS_DIR)/PhotoBooth.app/PhotoBooth";
			};
			name = Release;
		};
/* End XCBuildConfiguration section */

/* Begin XCConfigurationList section */
		811F9A0721484B660079EA7E /* Build configuration list for PBXProject "PhotoBooth" */ = {
			isa = XCConfigurationList;
			buildConfigurations = (
				811F9A1C21484B680079EA7E /* Debug */,
				811F9A1D21484B680079EA7E /* Release */,
			);
			defaultConfigurationIsVisible = 0;
			defaultConfigurationName = Release;
		};
		811F9A1E21484B680079EA7E /* Build configuration list for PBXNativeTarget "PhotoBooth" */ = {
			isa = XCConfigurationList;
			buildConfigurations = (
				811F9A1F21484B680079EA7E /* Debug */,
				811F9A2021484B680079EA7E /* Release */,
			);
			defaultConfigurationIsVisible = 0;
			defaultConfigurationName = Release;
		};
		C72BE89E21751A88003C047E /* Build configuration list for PBXNativeTarget "PhotoBoothTests" */ = {
			isa = XCConfigurationList;
			buildConfigurations = (
				C72BE89C21751A88003C047E /* Debug */,
				C72BE89D21751A88003C047E /* Release */,
			);
			defaultConfigurationIsVisible = 0;
			defaultConfigurationName = Release;
		};
/* End XCConfigurationList section */
	};
	rootObject = 811F9A0421484B660079EA7E /* Project object */;
}
