// !$*UTF8*$!
{
	archiveVersion = 1;
	classes = {
	};
	objectVersion = 50;
	objects = {

/* Begin PBXBuildFile section */
		811F9A1021484B660079EA7E /* AppDelegate.swift in Sources */ = {isa = PBXBuildFile; fileRef = 811F9A0F21484B660079EA7E /* AppDelegate.swift */; };
		811F9A1521484B660079EA7E /* Main.storyboard in Resources */ = {isa = PBXBuildFile; fileRef = 811F9A1321484B660079EA7E /* Main.storyboard */; };
		811F9A1721484B670079EA7E /* Assets.xcassets in Resources */ = {isa = PBXBuildFile; fileRef = 811F9A1621484B670079EA7E /* Assets.xcassets */; };
		811F9A1A21484B680079EA7E /* LaunchScreen.storyboard in Resources */ = {isa = PBXBuildFile; fileRef = 811F9A1821484B680079EA7E /* LaunchScreen.storyboard */; };
		811F9A222149A4D60079EA7E /* CaptureSession.swift in Sources */ = {isa = PBXBuildFile; fileRef = 811F9A212149A4D60079EA7E /* CaptureSession.swift */; };
		812704AB21707E8500545143 /* StepperViewModel.swift in Sources */ = {isa = PBXBuildFile; fileRef = 812704AA21707E8500545143 /* StepperViewModel.swift */; };
		812704AF2173FECF00545143 /* PhotoStepperViewModel.swift in Sources */ = {isa = PBXBuildFile; fileRef = 812704AE2173FECF00545143 /* PhotoStepperViewModel.swift */; };
		812704B12174002500545143 /* TimeIntervalStepperViewModel.swift in Sources */ = {isa = PBXBuildFile; fileRef = 812704B02174002500545143 /* TimeIntervalStepperViewModel.swift */; };
		812704B321740B2A00545143 /* PhotoShootSetupCardViewModel.swift in Sources */ = {isa = PBXBuildFile; fileRef = 812704B221740B2A00545143 /* PhotoShootSetupCardViewModel.swift */; };
		812704B52176540100545143 /* SetupPhotoShootViewModel+PhotoShootConfiguration.swift in Sources */ = {isa = PBXBuildFile; fileRef = 812704B42176540100545143 /* SetupPhotoShootViewModel+PhotoShootConfiguration.swift */; };
		814F104A2154650B0066CCD5 /* CameraViewController.swift in Sources */ = {isa = PBXBuildFile; fileRef = 814F10492154650B0066CCD5 /* CameraViewController.swift */; };
		814F104C2154654F0066CCD5 /* MockSession.swift in Sources */ = {isa = PBXBuildFile; fileRef = 814F104B2154654F0066CCD5 /* MockSession.swift */; };
		8174574D21598D7E00F612F6 /* SetupCardViewController.swift in Sources */ = {isa = PBXBuildFile; fileRef = 8174574C21598D7E00F612F6 /* SetupCardViewController.swift */; };
		8174574F21598DA800F612F6 /* PhotoShootSetupCardView.swift in Sources */ = {isa = PBXBuildFile; fileRef = 8174574E21598DA800F612F6 /* PhotoShootSetupCardView.swift */; };
		81745751215B0EEB00F612F6 /* AVCapturePreviewView.swift in Sources */ = {isa = PBXBuildFile; fileRef = 81745750215B0EEB00F612F6 /* AVCapturePreviewView.swift */; };
		81745755216ACF5B00F612F6 /* UIStyles.swift in Sources */ = {isa = PBXBuildFile; fileRef = 81745754216ACF5B00F612F6 /* UIStyles.swift */; };
		81745757216ADE6700F612F6 /* CustomStepperView.swift in Sources */ = {isa = PBXBuildFile; fileRef = 81745756216ADE6700F612F6 /* CustomStepperView.swift */; };
		C72BE89821751A88003C047E /* PhotoBoothTests.swift in Sources */ = {isa = PBXBuildFile; fileRef = C72BE89721751A88003C047E /* PhotoBoothTests.swift */; };
/* End PBXBuildFile section */

/* Begin PBXContainerItemProxy section */
		C72BE89A21751A88003C047E /* PBXContainerItemProxy */ = {
			isa = PBXContainerItemProxy;
			containerPortal = 811F9A0421484B660079EA7E /* Project object */;
			proxyType = 1;
			remoteGlobalIDString = 811F9A0B21484B660079EA7E;
			remoteInfo = PhotoBooth;
		};
/* End PBXContainerItemProxy section */

/* Begin PBXFileReference section */
		811F9A0C21484B660079EA7E /* PhotoBooth.app */ = {isa = PBXFileReference; explicitFileType = wrapper.application; includeInIndex = 0; path = PhotoBooth.app; sourceTree = BUILT_PRODUCTS_DIR; };
		811F9A0F21484B660079EA7E /* AppDelegate.swift */ = {isa = PBXFileReference; lastKnownFileType = sourcecode.swift; path = AppDelegate.swift; sourceTree = "<group>"; };
		811F9A1421484B660079EA7E /* Base */ = {isa = PBXFileReference; lastKnownFileType = file.storyboard; name = Base; path = Base.lproj/Main.storyboard; sourceTree = "<group>"; };
		811F9A1621484B670079EA7E /* Assets.xcassets */ = {isa = PBXFileReference; lastKnownFileType = folder.assetcatalog; path = Assets.xcassets; sourceTree = "<group>"; };
		811F9A1921484B680079EA7E /* Base */ = {isa = PBXFileReference; lastKnownFileType = file.storyboard; name = Base; path = Base.lproj/LaunchScreen.storyboard; sourceTree = "<group>"; };
		811F9A1B21484B680079EA7E /* Info.plist */ = {isa = PBXFileReference; lastKnownFileType = text.plist.xml; path = Info.plist; sourceTree = "<group>"; };
		811F9A212149A4D60079EA7E /* CaptureSession.swift */ = {isa = PBXFileReference; lastKnownFileType = sourcecode.swift; path = CaptureSession.swift; sourceTree = "<group>"; };
		812704AA21707E8500545143 /* StepperViewModel.swift */ = {isa = PBXFileReference; lastKnownFileType = sourcecode.swift; path = StepperViewModel.swift; sourceTree = "<group>"; };
		812704AE2173FECF00545143 /* PhotoStepperViewModel.swift */ = {isa = PBXFileReference; lastKnownFileType = sourcecode.swift; path = PhotoStepperViewModel.swift; sourceTree = "<group>"; };
		812704B02174002500545143 /* TimeIntervalStepperViewModel.swift */ = {isa = PBXFileReference; lastKnownFileType = sourcecode.swift; path = TimeIntervalStepperViewModel.swift; sourceTree = "<group>"; };
		812704B221740B2A00545143 /* PhotoShootSetupCardViewModel.swift */ = {isa = PBXFileReference; lastKnownFileType = sourcecode.swift; path = PhotoShootSetupCardViewModel.swift; sourceTree = "<group>"; };
		812704B42176540100545143 /* SetupPhotoShootViewModel+PhotoShootConfiguration.swift */ = {isa = PBXFileReference; lastKnownFileType = sourcecode.swift; path = "SetupPhotoShootViewModel+PhotoShootConfiguration.swift"; sourceTree = "<group>"; };
		814F10492154650B0066CCD5 /* CameraViewController.swift */ = {isa = PBXFileReference; fileEncoding = 4; lastKnownFileType = sourcecode.swift; path = CameraViewController.swift; sourceTree = "<group>"; };
		814F104B2154654F0066CCD5 /* MockSession.swift */ = {isa = PBXFileReference; lastKnownFileType = sourcecode.swift; path = MockSession.swift; sourceTree = "<group>"; };
		8174574C21598D7E00F612F6 /* SetupCardViewController.swift */ = {isa = PBXFileReference; lastKnownFileType = sourcecode.swift; path = SetupCardViewController.swift; sourceTree = "<group>"; };
		8174574E21598DA800F612F6 /* PhotoShootSetupCardView.swift */ = {isa = PBXFileReference; lastKnownFileType = sourcecode.swift; path = PhotoShootSetupCardView.swift; sourceTree = "<group>"; };
		81745750215B0EEB00F612F6 /* AVCapturePreviewView.swift */ = {isa = PBXFileReference; lastKnownFileType = sourcecode.swift; path = AVCapturePreviewView.swift; sourceTree = "<group>"; };
		81745754216ACF5B00F612F6 /* UIStyles.swift */ = {isa = PBXFileReference; lastKnownFileType = sourcecode.swift; path = UIStyles.swift; sourceTree = "<group>"; };
		81745756216ADE6700F612F6 /* CustomStepperView.swift */ = {isa = PBXFileReference; lastKnownFileType = sourcecode.swift; path = CustomStepperView.swift; sourceTree = "<group>"; };
		C72BE89521751A88003C047E /* PhotoBoothTests.xctest */ = {isa = PBXFileReference; explicitFileType = wrapper.cfbundle; includeInIndex = 0; path = PhotoBoothTests.xctest; sourceTree = BUILT_PRODUCTS_DIR; };
		C72BE89721751A88003C047E /* PhotoBoothTests.swift */ = {isa = PBXFileReference; lastKnownFileType = sourcecode.swift; path = PhotoBoothTests.swift; sourceTree = "<group>"; };
		C72BE89921751A88003C047E /* Info.plist */ = {isa = PBXFileReference; lastKnownFileType = text.plist.xml; path = Info.plist; sourceTree = "<group>"; };
/* End PBXFileReference section */

/* Begin PBXFrameworksBuildPhase section */
		811F9A0921484B660079EA7E /* Frameworks */ = {
			isa = PBXFrameworksBuildPhase;
			buildActionMask = 2147483647;
			files = (
			);
			runOnlyForDeploymentPostprocessing = 0;
		};
		C72BE89221751A88003C047E /* Frameworks */ = {
			isa = PBXFrameworksBuildPhase;
			buildActionMask = 2147483647;
			files = (
			);
			runOnlyForDeploymentPostprocessing = 0;
		};
/* End PBXFrameworksBuildPhase section */

/* Begin PBXGroup section */
		811F9A0321484B660079EA7E = {
			isa = PBXGroup;
			children = (
				811F9A0E21484B660079EA7E /* PhotoBooth */,
				C72BE89621751A88003C047E /* PhotoBoothTests */,
				811F9A0D21484B660079EA7E /* Products */,
			);
			sourceTree = "<group>";
		};
		811F9A0D21484B660079EA7E /* Products */ = {
			isa = PBXGroup;
			children = (
				811F9A0C21484B660079EA7E /* PhotoBooth.app */,
				C72BE89521751A88003C047E /* PhotoBoothTests.xctest */,
			);
			name = Products;
			sourceTree = "<group>";
		};
		811F9A0E21484B660079EA7E /* PhotoBooth */ = {
			isa = PBXGroup;
			children = (
				811F9A0F21484B660079EA7E /* AppDelegate.swift */,
				814F10492154650B0066CCD5 /* CameraViewController.swift */,
				811F9A1321484B660079EA7E /* Main.storyboard */,
				811F9A1621484B670079EA7E /* Assets.xcassets */,
				811F9A1821484B680079EA7E /* LaunchScreen.storyboard */,
				811F9A1B21484B680079EA7E /* Info.plist */,
				811F9A212149A4D60079EA7E /* CaptureSession.swift */,
				81745754216ACF5B00F612F6 /* UIStyles.swift */,
				81745750215B0EEB00F612F6 /* AVCapturePreviewView.swift */,
				814F104B2154654F0066CCD5 /* MockSession.swift */,
				8174574C21598D7E00F612F6 /* SetupCardViewController.swift */,
				8174574E21598DA800F612F6 /* PhotoShootSetupCardView.swift */,
				812704B221740B2A00545143 /* PhotoShootSetupCardViewModel.swift */,
				812704B42176540100545143 /* SetupPhotoShootViewModel+PhotoShootConfiguration.swift */,
				812704AE2173FECF00545143 /* PhotoStepperViewModel.swift */,
				812704B02174002500545143 /* TimeIntervalStepperViewModel.swift */,
				81745756216ADE6700F612F6 /* CustomStepperView.swift */,
				812704AA21707E8500545143 /* StepperViewModel.swift */,
			);
			path = PhotoBooth;
			sourceTree = "<group>";
		};
		C72BE89621751A88003C047E /* PhotoBoothTests */ = {
			isa = PBXGroup;
			children = (
				C72BE89721751A88003C047E /* PhotoBoothTests.swift */,
				C72BE89921751A88003C047E /* Info.plist */,
			);
			path = PhotoBoothTests;
			sourceTree = "<group>";
		};
/* End PBXGroup section */

/* Begin PBXNativeTarget section */
		811F9A0B21484B660079EA7E /* PhotoBooth */ = {
			isa = PBXNativeTarget;
			buildConfigurationList = 811F9A1E21484B680079EA7E /* Build configuration list for PBXNativeTarget "PhotoBooth" */;
			buildPhases = (
				811F9A0821484B660079EA7E /* Sources */,
				811F9A0921484B660079EA7E /* Frameworks */,
				811F9A0A21484B660079EA7E /* Resources */,
			);
			buildRules = (
			);
			dependencies = (
			);
			name = PhotoBooth;
			productName = PhotoBooth;
			productReference = 811F9A0C21484B660079EA7E /* PhotoBooth.app */;
			productType = "com.apple.product-type.application";
		};
		C72BE89421751A88003C047E /* PhotoBoothTests */ = {
			isa = PBXNativeTarget;
			buildConfigurationList = C72BE89E21751A88003C047E /* Build configuration list for PBXNativeTarget "PhotoBoothTests" */;
			buildPhases = (
				C72BE89121751A88003C047E /* Sources */,
				C72BE89221751A88003C047E /* Frameworks */,
				C72BE89321751A88003C047E /* Resources */,
			);
			buildRules = (
			);
			dependencies = (
				C72BE89B21751A88003C047E /* PBXTargetDependency */,
			);
			name = PhotoBoothTests;
			productName = PhotoBoothTests;
			productReference = C72BE89521751A88003C047E /* PhotoBoothTests.xctest */;
			productType = "com.apple.product-type.bundle.unit-test";
		};
/* End PBXNativeTarget section */

/* Begin PBXProject section */
		811F9A0421484B660079EA7E /* Project object */ = {
			isa = PBXProject;
			attributes = {
				LastSwiftUpdateCheck = 0940;
				LastUpgradeCheck = 0940;
				ORGANIZATIONNAME = "Vikash Hart";
				TargetAttributes = {
					811F9A0B21484B660079EA7E = {
						CreatedOnToolsVersion = 9.4;
					};
					C72BE89421751A88003C047E = {
						CreatedOnToolsVersion = 9.4.1;
						TestTargetID = 811F9A0B21484B660079EA7E;
					};
				};
			};
			buildConfigurationList = 811F9A0721484B660079EA7E /* Build configuration list for PBXProject "PhotoBooth" */;
			compatibilityVersion = "Xcode 9.3";
			developmentRegion = en;
			hasScannedForEncodings = 0;
			knownRegions = (
				en,
				Base,
			);
			mainGroup = 811F9A0321484B660079EA7E;
			productRefGroup = 811F9A0D21484B660079EA7E /* Products */;
			projectDirPath = "";
			projectRoot = "";
			targets = (
				811F9A0B21484B660079EA7E /* PhotoBooth */,
				C72BE89421751A88003C047E /* PhotoBoothTests */,
			);
		};
/* End PBXProject section */

/* Begin PBXResourcesBuildPhase section */
		811F9A0A21484B660079EA7E /* Resources */ = {
			isa = PBXResourcesBuildPhase;
			buildActionMask = 2147483647;
			files = (
				811F9A1A21484B680079EA7E /* LaunchScreen.storyboard in Resources */,
				811F9A1721484B670079EA7E /* Assets.xcassets in Resources */,
				811F9A1521484B660079EA7E /* Main.storyboard in Resources */,
			);
			runOnlyForDeploymentPostprocessing = 0;
		};
		C72BE89321751A88003C047E /* Resources */ = {
			isa = PBXResourcesBuildPhase;
			buildActionMask = 2147483647;
			files = (
			);
			runOnlyForDeploymentPostprocessing = 0;
		};
/* End PBXResourcesBuildPhase section */

/* Begin PBXSourcesBuildPhase section */
		811F9A0821484B660079EA7E /* Sources */ = {
			isa = PBXSourcesBuildPhase;
			buildActionMask = 2147483647;
			files = (
				812704B12174002500545143 /* TimeIntervalStepperViewModel.swift in Sources */,
				812704B52176540100545143 /* SetupPhotoShootViewModel+PhotoShootConfiguration.swift in Sources */,
				81745757216ADE6700F612F6 /* CustomStepperView.swift in Sources */,
				812704B321740B2A00545143 /* PhotoShootSetupCardViewModel.swift in Sources */,
				81745751215B0EEB00F612F6 /* AVCapturePreviewView.swift in Sources */,
				812704AB21707E8500545143 /* StepperViewModel.swift in Sources */,
				8174574F21598DA800F612F6 /* PhotoShootSetupCardView.swift in Sources */,
				81745755216ACF5B00F612F6 /* UIStyles.swift in Sources */,
				814F104A2154650B0066CCD5 /* CameraViewController.swift in Sources */,
				814F104C2154654F0066CCD5 /* MockSession.swift in Sources */,
				811F9A1021484B660079EA7E /* AppDelegate.swift in Sources */,
				811F9A222149A4D60079EA7E /* CaptureSession.swift in Sources */,
				8174574D21598D7E00F612F6 /* SetupCardViewController.swift in Sources */,
				812704AF2173FECF00545143 /* PhotoStepperViewModel.swift in Sources */,
			);
			runOnlyForDeploymentPostprocessing = 0;
		};
		C72BE89121751A88003C047E /* Sources */ = {
			isa = PBXSourcesBuildPhase;
			buildActionMask = 2147483647;
			files = (
				C72BE89821751A88003C047E /* PhotoBoothTests.swift in Sources */,
			);
			runOnlyForDeploymentPostprocessing = 0;
		};
/* End PBXSourcesBuildPhase section */

/* Begin PBXTargetDependency section */
		C72BE89B21751A88003C047E /* PBXTargetDependency */ = {
			isa = PBXTargetDependency;
			target = 811F9A0B21484B660079EA7E /* PhotoBooth */;
			targetProxy = C72BE89A21751A88003C047E /* PBXContainerItemProxy */;
		};
/* End PBXTargetDependency section */

/* Begin PBXVariantGroup section */
		811F9A1321484B660079EA7E /* Main.storyboard */ = {
			isa = PBXVariantGroup;
			children = (
				811F9A1421484B660079EA7E /* Base */,
			);
			name = Main.storyboard;
			sourceTree = "<group>";
		};
		811F9A1821484B680079EA7E /* LaunchScreen.storyboard */ = {
			isa = PBXVariantGroup;
			children = (
				811F9A1921484B680079EA7E /* Base */,
			);
			name = LaunchScreen.storyboard;
			sourceTree = "<group>";
		};
/* End PBXVariantGroup section */

/* Begin XCBuildConfiguration section */
		811F9A1C21484B680079EA7E /* Debug */ = {
			isa = XCBuildConfiguration;
			buildSettings = {
				ALWAYS_SEARCH_USER_PATHS = NO;
				CLANG_ANALYZER_NONNULL = YES;
				CLANG_ANALYZER_NUMBER_OBJECT_CONVERSION = YES_AGGRESSIVE;
				CLANG_CXX_LANGUAGE_STANDARD = "gnu++14";
				CLANG_CXX_LIBRARY = "libc++";
				CLANG_ENABLE_MODULES = YES;
				CLANG_ENABLE_OBJC_ARC = YES;
				CLANG_ENABLE_OBJC_WEAK = YES;
				CLANG_WARN_BLOCK_CAPTURE_AUTORELEASING = YES;
				CLANG_WARN_BOOL_CONVERSION = YES;
				CLANG_WARN_COMMA = YES;
				CLANG_WARN_CONSTANT_CONVERSION = YES;
				CLANG_WARN_DEPRECATED_OBJC_IMPLEMENTATIONS = YES;
				CLANG_WARN_DIRECT_OBJC_ISA_USAGE = YES_ERROR;
				CLANG_WARN_DOCUMENTATION_COMMENTS = YES;
				CLANG_WARN_EMPTY_BODY = YES;
				CLANG_WARN_ENUM_CONVERSION = YES;
				CLANG_WARN_INFINITE_RECURSION = YES;
				CLANG_WARN_INT_CONVERSION = YES;
				CLANG_WARN_NON_LITERAL_NULL_CONVERSION = YES;
				CLANG_WARN_OBJC_IMPLICIT_RETAIN_SELF = YES;
				CLANG_WARN_OBJC_LITERAL_CONVERSION = YES;
				CLANG_WARN_OBJC_ROOT_CLASS = YES_ERROR;
				CLANG_WARN_RANGE_LOOP_ANALYSIS = YES;
				CLANG_WARN_STRICT_PROTOTYPES = YES;
				CLANG_WARN_SUSPICIOUS_MOVE = YES;
				CLANG_WARN_UNGUARDED_AVAILABILITY = YES_AGGRESSIVE;
				CLANG_WARN_UNREACHABLE_CODE = YES;
				CLANG_WARN__DUPLICATE_METHOD_MATCH = YES;
				CODE_SIGN_IDENTITY = "iPhone Developer";
				COPY_PHASE_STRIP = NO;
				DEBUG_INFORMATION_FORMAT = dwarf;
				ENABLE_STRICT_OBJC_MSGSEND = YES;
				ENABLE_TESTABILITY = YES;
				GCC_C_LANGUAGE_STANDARD = gnu11;
				GCC_DYNAMIC_NO_PIC = NO;
				GCC_NO_COMMON_BLOCKS = YES;
				GCC_OPTIMIZATION_LEVEL = 0;
				GCC_PREPROCESSOR_DEFINITIONS = (
					"DEBUG=1",
					"$(inherited)",
				);
				GCC_WARN_64_TO_32_BIT_CONVERSION = YES;
				GCC_WARN_ABOUT_RETURN_TYPE = YES_ERROR;
				GCC_WARN_UNDECLARED_SELECTOR = YES;
				GCC_WARN_UNINITIALIZED_AUTOS = YES_AGGRESSIVE;
				GCC_WARN_UNUSED_FUNCTION = YES;
				GCC_WARN_UNUSED_VARIABLE = YES;
				IPHONEOS_DEPLOYMENT_TARGET = 11.4;
				MTL_ENABLE_DEBUG_INFO = YES;
				ONLY_ACTIVE_ARCH = YES;
				SDKROOT = iphoneos;
				SWIFT_ACTIVE_COMPILATION_CONDITIONS = DEBUG;
				SWIFT_OPTIMIZATION_LEVEL = "-Onone";
			};
			name = Debug;
		};
		811F9A1D21484B680079EA7E /* Release */ = {
			isa = XCBuildConfiguration;
			buildSettings = {
				ALWAYS_SEARCH_USER_PATHS = NO;
				CLANG_ANALYZER_NONNULL = YES;
				CLANG_ANALYZER_NUMBER_OBJECT_CONVERSION = YES_AGGRESSIVE;
				CLANG_CXX_LANGUAGE_STANDARD = "gnu++14";
				CLANG_CXX_LIBRARY = "libc++";
				CLANG_ENABLE_MODULES = YES;
				CLANG_ENABLE_OBJC_ARC = YES;
				CLANG_ENABLE_OBJC_WEAK = YES;
				CLANG_WARN_BLOCK_CAPTURE_AUTORELEASING = YES;
				CLANG_WARN_BOOL_CONVERSION = YES;
				CLANG_WARN_COMMA = YES;
				CLANG_WARN_CONSTANT_CONVERSION = YES;
				CLANG_WARN_DEPRECATED_OBJC_IMPLEMENTATIONS = YES;
				CLANG_WARN_DIRECT_OBJC_ISA_USAGE = YES_ERROR;
				CLANG_WARN_DOCUMENTATION_COMMENTS = YES;
				CLANG_WARN_EMPTY_BODY = YES;
				CLANG_WARN_ENUM_CONVERSION = YES;
				CLANG_WARN_INFINITE_RECURSION = YES;
				CLANG_WARN_INT_CONVERSION = YES;
				CLANG_WARN_NON_LITERAL_NULL_CONVERSION = YES;
				CLANG_WARN_OBJC_IMPLICIT_RETAIN_SELF = YES;
				CLANG_WARN_OBJC_LITERAL_CONVERSION = YES;
				CLANG_WARN_OBJC_ROOT_CLASS = YES_ERROR;
				CLANG_WARN_RANGE_LOOP_ANALYSIS = YES;
				CLANG_WARN_STRICT_PROTOTYPES = YES;
				CLANG_WARN_SUSPICIOUS_MOVE = YES;
				CLANG_WARN_UNGUARDED_AVAILABILITY = YES_AGGRESSIVE;
				CLANG_WARN_UNREACHABLE_CODE = YES;
				CLANG_WARN__DUPLICATE_METHOD_MATCH = YES;
				CODE_SIGN_IDENTITY = "iPhone Developer";
				COPY_PHASE_STRIP = NO;
				DEBUG_INFORMATION_FORMAT = "dwarf-with-dsym";
				ENABLE_NS_ASSERTIONS = NO;
				ENABLE_STRICT_OBJC_MSGSEND = YES;
				GCC_C_LANGUAGE_STANDARD = gnu11;
				GCC_NO_COMMON_BLOCKS = YES;
				GCC_WARN_64_TO_32_BIT_CONVERSION = YES;
				GCC_WARN_ABOUT_RETURN_TYPE = YES_ERROR;
				GCC_WARN_UNDECLARED_SELECTOR = YES;
				GCC_WARN_UNINITIALIZED_AUTOS = YES_AGGRESSIVE;
				GCC_WARN_UNUSED_FUNCTION = YES;
				GCC_WARN_UNUSED_VARIABLE = YES;
				IPHONEOS_DEPLOYMENT_TARGET = 11.4;
				MTL_ENABLE_DEBUG_INFO = NO;
				SDKROOT = iphoneos;
				SWIFT_COMPILATION_MODE = wholemodule;
				SWIFT_OPTIMIZATION_LEVEL = "-O";
				VALIDATE_PRODUCT = YES;
			};
			name = Release;
		};
		811F9A1F21484B680079EA7E /* Debug */ = {
			isa = XCBuildConfiguration;
			buildSettings = {
				ASSETCATALOG_COMPILER_APPICON_NAME = AppIcon;
				CODE_SIGN_STYLE = Automatic;
				INFOPLIST_FILE = PhotoBooth/Info.plist;
				LD_RUNPATH_SEARCH_PATHS = (
					"$(inherited)",
					"@executable_path/Frameworks",
				);
				PRODUCT_BUNDLE_IDENTIFIER = "Vikash-Hart.PhotoBooth";
				PRODUCT_NAME = "$(TARGET_NAME)";
				SWIFT_VERSION = 4.0;
				TARGETED_DEVICE_FAMILY = "1,2";
			};
			name = Debug;
		};
		811F9A2021484B680079EA7E /* Release */ = {
			isa = XCBuildConfiguration;
			buildSettings = {
				ASSETCATALOG_COMPILER_APPICON_NAME = AppIcon;
				CODE_SIGN_STYLE = Automatic;
				INFOPLIST_FILE = PhotoBooth/Info.plist;
				LD_RUNPATH_SEARCH_PATHS = (
					"$(inherited)",
					"@executable_path/Frameworks",
				);
				PRODUCT_BUNDLE_IDENTIFIER = "Vikash-Hart.PhotoBooth";
				PRODUCT_NAME = "$(TARGET_NAME)";
				SWIFT_VERSION = 4.0;
				TARGETED_DEVICE_FAMILY = "1,2";
			};
			name = Release;
		};
		C72BE89C21751A88003C047E /* Debug */ = {
			isa = XCBuildConfiguration;
			buildSettings = {
				BUNDLE_LOADER = "$(TEST_HOST)";
				CODE_SIGN_STYLE = Automatic;
				INFOPLIST_FILE = PhotoBoothTests/Info.plist;
				LD_RUNPATH_SEARCH_PATHS = (
					"$(inherited)",
					"@executable_path/Frameworks",
					"@loader_path/Frameworks",
				);
				PRODUCT_BUNDLE_IDENTIFIER = vh.PhotoBoothTests;
				PRODUCT_NAME = "$(TARGET_NAME)";
				SWIFT_VERSION = 4.0;
				TARGETED_DEVICE_FAMILY = "1,2";
				TEST_HOST = "$(BUILT_PRODUCTS_DIR)/PhotoBooth.app/PhotoBooth";
			};
			name = Debug;
		};
		C72BE89D21751A88003C047E /* Release */ = {
			isa = XCBuildConfiguration;
			buildSettings = {
				BUNDLE_LOADER = "$(TEST_HOST)";
				CODE_SIGN_STYLE = Automatic;
				INFOPLIST_FILE = PhotoBoothTests/Info.plist;
				LD_RUNPATH_SEARCH_PATHS = (
					"$(inherited)",
					"@executable_path/Frameworks",
					"@loader_path/Frameworks",
				);
				PRODUCT_BUNDLE_IDENTIFIER = vh.PhotoBoothTests;
				PRODUCT_NAME = "$(TARGET_NAME)";
				SWIFT_VERSION = 4.0;
				TARGETED_DEVICE_FAMILY = "1,2";
				TEST_HOST = "$(BUILT_PRODUCTS_DIR)/PhotoBooth.app/PhotoBooth";
			};
			name = Release;
		};
/* End XCBuildConfiguration section */

/* Begin XCConfigurationList section */
		811F9A0721484B660079EA7E /* Build configuration list for PBXProject "PhotoBooth" */ = {
			isa = XCConfigurationList;
			buildConfigurations = (
				811F9A1C21484B680079EA7E /* Debug */,
				811F9A1D21484B680079EA7E /* Release */,
			);
			defaultConfigurationIsVisible = 0;
			defaultConfigurationName = Release;
		};
		811F9A1E21484B680079EA7E /* Build configuration list for PBXNativeTarget "PhotoBooth" */ = {
			isa = XCConfigurationList;
			buildConfigurations = (
				811F9A1F21484B680079EA7E /* Debug */,
				811F9A2021484B680079EA7E /* Release */,
			);
			defaultConfigurationIsVisible = 0;
			defaultConfigurationName = Release;
		};
		C72BE89E21751A88003C047E /* Build configuration list for PBXNativeTarget "PhotoBoothTests" */ = {
			isa = XCConfigurationList;
			buildConfigurations = (
				C72BE89C21751A88003C047E /* Debug */,
				C72BE89D21751A88003C047E /* Release */,
			);
			defaultConfigurationIsVisible = 0;
			defaultConfigurationName = Release;
		};
/* End XCConfigurationList section */
	};
	rootObject = 811F9A0421484B660079EA7E /* Project object */;
}
